// !$*UTF8*$!
{
	archiveVersion = 1;
	classes = {
	};
	objectVersion = 51;
	objects = {

/* Begin PBXBuildFile section */
		172CF709C3F8F8AC16E5DA79 /* Pods_EmitirBoletoTests.framework in Frameworks */ = {isa = PBXBuildFile; fileRef = F77A04EAF7AE2FAEFC399FD9 /* Pods_EmitirBoletoTests.framework */; };
		5B2C1C019D97527B273D86DE /* Pods_EmitirBoleto_EmitirBoletoUITests.framework in Frameworks */ = {isa = PBXBuildFile; fileRef = 73B73A124B5E1E9593376F8E /* Pods_EmitirBoleto_EmitirBoletoUITests.framework */; };
		60D5968BDE40F3F694434C0C /* Pods_EmitirBoleto.framework in Frameworks */ = {isa = PBXBuildFile; fileRef = 427FA4B23DC1784DB73F5703 /* Pods_EmitirBoleto.framework */; };
		CA0247E6265D225500AE6F61 /* BankingBilletViewController.swift in Sources */ = {isa = PBXBuildFile; fileRef = CA0247E4265D225500AE6F61 /* BankingBilletViewController.swift */; };
		CA0247E7265D225500AE6F61 /* BankingBilletViewController.xib in Resources */ = {isa = PBXBuildFile; fileRef = CA0247E5265D225500AE6F61 /* BankingBilletViewController.xib */; };
		CA0247EC265D776900AE6F61 /* LoadingViewController.swift in Sources */ = {isa = PBXBuildFile; fileRef = CA0247EA265D776900AE6F61 /* LoadingViewController.swift */; };
		CA0247ED265D776900AE6F61 /* LoadingViewController.xib in Resources */ = {isa = PBXBuildFile; fileRef = CA0247EB265D776900AE6F61 /* LoadingViewController.xib */; };
		CA0247F9265D7C7D00AE6F61 /* FailureViewController.swift in Sources */ = {isa = PBXBuildFile; fileRef = CA0247F7265D7C7D00AE6F61 /* FailureViewController.swift */; };
		CA0247FA265D7C7D00AE6F61 /* FailureViewController.xib in Resources */ = {isa = PBXBuildFile; fileRef = CA0247F8265D7C7D00AE6F61 /* FailureViewController.xib */; };
		CA0247FD265D824400AE6F61 /* SuccessViewController.swift in Sources */ = {isa = PBXBuildFile; fileRef = CA0247FB265D824400AE6F61 /* SuccessViewController.swift */; };
		CA0247FE265D824400AE6F61 /* SuccessViewController.xib in Resources */ = {isa = PBXBuildFile; fileRef = CA0247FC265D824400AE6F61 /* SuccessViewController.xib */; };
		CA04B5DF265E7B6F00C759CA /* InsertCustomerViewModel.swift in Sources */ = {isa = PBXBuildFile; fileRef = CA04B5DE265E7B6F00C759CA /* InsertCustomerViewModel.swift */; };
		CA04B5E1265E7E0800C759CA /* BindingTextField.swift in Sources */ = {isa = PBXBuildFile; fileRef = CA04B5E0265E7E0800C759CA /* BindingTextField.swift */; };
		CA04B5E4265E910800C759CA /* TesteViewController.swift in Sources */ = {isa = PBXBuildFile; fileRef = CA04B5E2265E910800C759CA /* TesteViewController.swift */; };
		CA04B5E5265E910800C759CA /* TesteViewController.xib in Resources */ = {isa = PBXBuildFile; fileRef = CA04B5E3265E910800C759CA /* TesteViewController.xib */; };
		CA1859C1265D1804001F821C /* UpdateItemPopupViewController.swift in Sources */ = {isa = PBXBuildFile; fileRef = CA1859BF265D1804001F821C /* UpdateItemPopupViewController.swift */; };
		CA1859C2265D1804001F821C /* UpdateItemPopupViewController.xib in Resources */ = {isa = PBXBuildFile; fileRef = CA1859C0265D1804001F821C /* UpdateItemPopupViewController.xib */; };
		CA1859C5265D1A91001F821C /* AddItemPopupViewController.swift in Sources */ = {isa = PBXBuildFile; fileRef = CA1859C3265D1A91001F821C /* AddItemPopupViewController.swift */; };
		CA1859C6265D1A91001F821C /* AddItemPopupViewController.xib in Resources */ = {isa = PBXBuildFile; fileRef = CA1859C4265D1A91001F821C /* AddItemPopupViewController.xib */; };
		CA2555352652926900F75E20 /* APIConstants.swift in Sources */ = {isa = PBXBuildFile; fileRef = CA2555342652926900F75E20 /* APIConstants.swift */; };
		CA25553C2652F3A000F75E20 /* RepeatingTimer.swift in Sources */ = {isa = PBXBuildFile; fileRef = CA25553B2652F3A000F75E20 /* RepeatingTimer.swift */; };
		CA25553E2652F7A100F75E20 /* Constants.swift in Sources */ = {isa = PBXBuildFile; fileRef = CA25553D2652F7A100F75E20 /* Constants.swift */; };
		CA2555402652FA5C00F75E20 /* TestViewModel.swift in Sources */ = {isa = PBXBuildFile; fileRef = CA25553F2652FA5C00F75E20 /* TestViewModel.swift */; };
		CA255543265327FB00F75E20 /* AuthenticateAndChargeOneStep.swift in Sources */ = {isa = PBXBuildFile; fileRef = CA255542265327FB00F75E20 /* AuthenticateAndChargeOneStep.swift */; };
		CA2555452653300B00F75E20 /* ScheduleAuthentication.swift in Sources */ = {isa = PBXBuildFile; fileRef = CA2555442653300B00F75E20 /* ScheduleAuthentication.swift */; };
		CA29B513265815F9004BCBFD /* CustomersTableViewCell.swift in Sources */ = {isa = PBXBuildFile; fileRef = CA29B511265815F9004BCBFD /* CustomersTableViewCell.swift */; };
		CA29B514265815F9004BCBFD /* CustomersTableViewCell.xib in Resources */ = {isa = PBXBuildFile; fileRef = CA29B512265815F9004BCBFD /* CustomersTableViewCell.xib */; };
		CA29B51D26585190004BCBFD /* ItemTableViewCell.swift in Sources */ = {isa = PBXBuildFile; fileRef = CA29B51B26585190004BCBFD /* ItemTableViewCell.swift */; };
		CA29B51E26585190004BCBFD /* ItemTableViewCell.xib in Resources */ = {isa = PBXBuildFile; fileRef = CA29B51C26585190004BCBFD /* ItemTableViewCell.xib */; };
		CA29B52126585477004BCBFD /* SearchItemViewController.swift in Sources */ = {isa = PBXBuildFile; fileRef = CA29B51F26585477004BCBFD /* SearchItemViewController.swift */; };
		CA29B52226585477004BCBFD /* SearchItemViewController.xib in Resources */ = {isa = PBXBuildFile; fileRef = CA29B52026585477004BCBFD /* SearchItemViewController.xib */; };
		CA29B5242658583C004BCBFD /* Helper.swift in Sources */ = {isa = PBXBuildFile; fileRef = CA29B5232658583C004BCBFD /* Helper.swift */; };
		CA449BB0264D67100071AEF0 /* String+Extensions.swift in Sources */ = {isa = PBXBuildFile; fileRef = CA449BAF264D67100071AEF0 /* String+Extensions.swift */; };
		CA6DE099265BE21600FC5D19 /* ItemDetailsTableViewCell.swift in Sources */ = {isa = PBXBuildFile; fileRef = CA6DE097265BE21600FC5D19 /* ItemDetailsTableViewCell.swift */; };
		CA6DE09A265BE21600FC5D19 /* ItemDetailsTableViewCell.xib in Resources */ = {isa = PBXBuildFile; fileRef = CA6DE098265BE21600FC5D19 /* ItemDetailsTableViewCell.xib */; };
		CA6DE09D265C078E00FC5D19 /* AddItemViewController.swift in Sources */ = {isa = PBXBuildFile; fileRef = CA6DE09B265C078E00FC5D19 /* AddItemViewController.swift */; };
		CA6DE09E265C078E00FC5D19 /* AddItemViewController.xib in Resources */ = {isa = PBXBuildFile; fileRef = CA6DE09C265C078E00FC5D19 /* AddItemViewController.xib */; };
		CA6DE0A2265C2DB300FC5D19 /* EmptyItemTableViewCell.swift in Sources */ = {isa = PBXBuildFile; fileRef = CA6DE0A0265C2DB300FC5D19 /* EmptyItemTableViewCell.swift */; };
		CA6DE0A3265C2DB300FC5D19 /* EmptyItemTableViewCell.xib in Resources */ = {isa = PBXBuildFile; fileRef = CA6DE0A1265C2DB300FC5D19 /* EmptyItemTableViewCell.xib */; };
		CA87DF452653E02C0074A161 /* Authenticate.swift in Sources */ = {isa = PBXBuildFile; fileRef = CA87DF442653E02C0074A161 /* Authenticate.swift */; };
		CA87DF4926543BEC0074A161 /* CoreDataManager.swift in Sources */ = {isa = PBXBuildFile; fileRef = CA87DF4826543BEC0074A161 /* CoreDataManager.swift */; };
		CA87DF9026545BE30074A161 /* Customer+CoreDataClass.swift in Sources */ = {isa = PBXBuildFile; fileRef = CA87DF8A26545BE30074A161 /* Customer+CoreDataClass.swift */; };
		CA87DF9126545BE30074A161 /* Customer+CoreDataProperties.swift in Sources */ = {isa = PBXBuildFile; fileRef = CA87DF8B26545BE30074A161 /* Customer+CoreDataProperties.swift */; };
		CA87DF9226545BE30074A161 /* JuridicalPerson+CoreDataClass.swift in Sources */ = {isa = PBXBuildFile; fileRef = CA87DF8C26545BE30074A161 /* JuridicalPerson+CoreDataClass.swift */; };
		CA87DF9326545BE30074A161 /* JuridicalPerson+CoreDataProperties.swift in Sources */ = {isa = PBXBuildFile; fileRef = CA87DF8D26545BE30074A161 /* JuridicalPerson+CoreDataProperties.swift */; };
		CA87DF9426545BE30074A161 /* Address+CoreDataClass.swift in Sources */ = {isa = PBXBuildFile; fileRef = CA87DF8E26545BE30074A161 /* Address+CoreDataClass.swift */; };
		CA87DF9526545BE30074A161 /* Address+CoreDataProperties.swift in Sources */ = {isa = PBXBuildFile; fileRef = CA87DF8F26545BE30074A161 /* Address+CoreDataProperties.swift */; };
		CA87DF9926545F270074A161 /* CoreDataCustomerRepository.swift in Sources */ = {isa = PBXBuildFile; fileRef = CA87DF9826545F270074A161 /* CoreDataCustomerRepository.swift */; };
		CA87DF9B2654755D0074A161 /* EntityMapper.swift in Sources */ = {isa = PBXBuildFile; fileRef = CA87DF9A2654755D0074A161 /* EntityMapper.swift */; };
		CA87DF9E265480E70074A161 /* Item+CoreDataClass.swift in Sources */ = {isa = PBXBuildFile; fileRef = CA87DF9C265480E70074A161 /* Item+CoreDataClass.swift */; };
		CA87DF9F265480E70074A161 /* Item+CoreDataProperties.swift in Sources */ = {isa = PBXBuildFile; fileRef = CA87DF9D265480E70074A161 /* Item+CoreDataProperties.swift */; };
		CA87DFA2265497C90074A161 /* CoreDataItemRepository.swift in Sources */ = {isa = PBXBuildFile; fileRef = CA87DFA1265497C90074A161 /* CoreDataItemRepository.swift */; };
		CA87DFA326549CFF0074A161 /* EmitirBoleto.xcdatamodeld in Resources */ = {isa = PBXBuildFile; fileRef = CABCA8D3264AB04D007AE005 /* EmitirBoleto.xcdatamodeld */; };
		CABB5FC5265564FD0079FFDF /* Coordinator.swift in Sources */ = {isa = PBXBuildFile; fileRef = CABB5FC4265564FD0079FFDF /* Coordinator.swift */; };
		CABB5FC9265566940079FFDF /* InsertCustomerViewController.swift in Sources */ = {isa = PBXBuildFile; fileRef = CABB5FC7265566940079FFDF /* InsertCustomerViewController.swift */; };
		CABB5FCA265566940079FFDF /* InsertCustomerViewController.xib in Resources */ = {isa = PBXBuildFile; fileRef = CABB5FC8265566940079FFDF /* InsertCustomerViewController.xib */; };
		CABB5FCC265566FD0079FFDF /* MainCoordinator.swift in Sources */ = {isa = PBXBuildFile; fileRef = CABB5FCB265566FD0079FFDF /* MainCoordinator.swift */; };
		CABCA8CB264AB04D007AE005 /* AppDelegate.swift in Sources */ = {isa = PBXBuildFile; fileRef = CABCA8CA264AB04D007AE005 /* AppDelegate.swift */; };
		CABCA8CD264AB04D007AE005 /* SceneDelegate.swift in Sources */ = {isa = PBXBuildFile; fileRef = CABCA8CC264AB04D007AE005 /* SceneDelegate.swift */; };
		CABCA8CF264AB04D007AE005 /* TestViewController.swift in Sources */ = {isa = PBXBuildFile; fileRef = CABCA8CE264AB04D007AE005 /* TestViewController.swift */; };
		CABCA8D7264AB04E007AE005 /* Assets.xcassets in Resources */ = {isa = PBXBuildFile; fileRef = CABCA8D6264AB04E007AE005 /* Assets.xcassets */; };
		CABCA8DA264AB04E007AE005 /* LaunchScreen.storyboard in Resources */ = {isa = PBXBuildFile; fileRef = CABCA8D8264AB04E007AE005 /* LaunchScreen.storyboard */; };
		CABCA8E5264AB04F007AE005 /* EmitirBoletoTests.swift in Sources */ = {isa = PBXBuildFile; fileRef = CABCA8E4264AB04F007AE005 /* EmitirBoletoTests.swift */; };
		CABCA8F0264AB04F007AE005 /* EmitirBoletoUITests.swift in Sources */ = {isa = PBXBuildFile; fileRef = CABCA8EF264AB04F007AE005 /* EmitirBoletoUITests.swift */; };
		CABCA90B264AB3E5007AE005 /* AddressModel.swift in Sources */ = {isa = PBXBuildFile; fileRef = CABCA90A264AB3E5007AE005 /* AddressModel.swift */; };
		CABCA918264AC2E3007AE005 /* CustomerModel.swift in Sources */ = {isa = PBXBuildFile; fileRef = CABCA917264AC2E3007AE005 /* CustomerModel.swift */; };
		CABCA91A264AC307007AE005 /* ItemModel.swift in Sources */ = {isa = PBXBuildFile; fileRef = CABCA919264AC307007AE005 /* ItemModel.swift */; };
		CABCA91E264AC43A007AE005 /* BankingBilletModel.swift in Sources */ = {isa = PBXBuildFile; fileRef = CABCA91D264AC43A007AE005 /* BankingBilletModel.swift */; };
		CABCA920264AC67F007AE005 /* ShippingModel.swift in Sources */ = {isa = PBXBuildFile; fileRef = CABCA91F264AC67F007AE005 /* ShippingModel.swift */; };
		CABCA922264AC82C007AE005 /* ChargeOneStepResponseModel.swift in Sources */ = {isa = PBXBuildFile; fileRef = CABCA921264AC82C007AE005 /* ChargeOneStepResponseModel.swift */; };
		CABCA924264ACFAD007AE005 /* CustomerRepository.swift in Sources */ = {isa = PBXBuildFile; fileRef = CABCA923264ACFAD007AE005 /* CustomerRepository.swift */; };
		CABCA926264AD220007AE005 /* ItemRepository.swift in Sources */ = {isa = PBXBuildFile; fileRef = CABCA925264AD220007AE005 /* ItemRepository.swift */; };
		CABCA92B264AD46E007AE005 /* PaymentGateway.swift in Sources */ = {isa = PBXBuildFile; fileRef = CABCA92A264AD46E007AE005 /* PaymentGateway.swift */; };
		CABCA932264ADBE2007AE005 /* AuthorizeResponseModel.swift in Sources */ = {isa = PBXBuildFile; fileRef = CABCA931264ADBE2007AE005 /* AuthorizeResponseModel.swift */; };
		CAC0F12926568FAD00D98492 /* UIColor+Extensions.swift in Sources */ = {isa = PBXBuildFile; fileRef = CAC0F12826568FAD00D98492 /* UIColor+Extensions.swift */; };
		CAC0F12B2656951B00D98492 /* UIImage+Extensions.swift in Sources */ = {isa = PBXBuildFile; fileRef = CAC0F12A2656951B00D98492 /* UIImage+Extensions.swift */; };
		CAC0F1312656EAB700D98492 /* SearchCustomerViewController.swift in Sources */ = {isa = PBXBuildFile; fileRef = CAC0F12F2656EAB700D98492 /* SearchCustomerViewController.swift */; };
		CAC0F1322656EAB700D98492 /* SearchCustomerViewController.xib in Resources */ = {isa = PBXBuildFile; fileRef = CAC0F1302656EAB700D98492 /* SearchCustomerViewController.xib */; };
		CAD3AEBD264BEAC400DD0DCB /* ChargeOneStepModel.swift in Sources */ = {isa = PBXBuildFile; fileRef = CAD3AEBC264BEAC400DD0DCB /* ChargeOneStepModel.swift */; };
		CAD3AEC2264BF33300DD0DCB /* Serializable.swift in Sources */ = {isa = PBXBuildFile; fileRef = CAD3AEC1264BF33300DD0DCB /* Serializable.swift */; };
		CAD3AECD264BFFDF00DD0DCB /* Data+Extensions.swift in Sources */ = {isa = PBXBuildFile; fileRef = CAD3AECC264BFFDF00DD0DCB /* Data+Extensions.swift */; };
		CAD3AEDF264C24F600DD0DCB /* JuridicalPersonModel.swift in Sources */ = {isa = PBXBuildFile; fileRef = CAD3AEDE264C24F600DD0DCB /* JuridicalPersonModel.swift */; };
		CADE8440265BDBF60020BEC3 /* ItemActionsTableViewCell.swift in Sources */ = {isa = PBXBuildFile; fileRef = CADE843E265BDBF60020BEC3 /* ItemActionsTableViewCell.swift */; };
		CADE8441265BDBF60020BEC3 /* ItemActionsTableViewCell.xib in Resources */ = {isa = PBXBuildFile; fileRef = CADE843F265BDBF60020BEC3 /* ItemActionsTableViewCell.xib */; };
		CAF751F0264F117700EABEFC /* Gerencianet.swift in Sources */ = {isa = PBXBuildFile; fileRef = CAF751EF264F117700EABEFC /* Gerencianet.swift */; };
		CAF751F2264F118E00EABEFC /* GerencianetEndpoints.swift in Sources */ = {isa = PBXBuildFile; fileRef = CAF751F1264F118E00EABEFC /* GerencianetEndpoints.swift */; };
		CAF751F4264F119A00EABEFC /* HeadersFactory.swift in Sources */ = {isa = PBXBuildFile; fileRef = CAF751F3264F119A00EABEFC /* HeadersFactory.swift */; };
		CAF751F6264F11A700EABEFC /* BodyFactory.swift in Sources */ = {isa = PBXBuildFile; fileRef = CAF751F5264F11A700EABEFC /* BodyFactory.swift */; };
		CAF751F8264F129000EABEFC /* Gerencianet+Authorize.swift in Sources */ = {isa = PBXBuildFile; fileRef = CAF751F7264F129000EABEFC /* Gerencianet+Authorize.swift */; };
		CAF751FA264F13B700EABEFC /* AlamofireClient.swift in Sources */ = {isa = PBXBuildFile; fileRef = CAF751F9264F13B700EABEFC /* AlamofireClient.swift */; };
		CAF751FE264F158400EABEFC /* HTTPAlamofireClient.swift in Sources */ = {isa = PBXBuildFile; fileRef = CAF751FD264F158400EABEFC /* HTTPAlamofireClient.swift */; };
		CAF75200264F233700EABEFC /* Gerencianet+ChargeOneStep.swift in Sources */ = {isa = PBXBuildFile; fileRef = CAF751FF264F233700EABEFC /* Gerencianet+ChargeOneStep.swift */; };
		CAF75202264F270C00EABEFC /* APIConfigurations.swift in Sources */ = {isa = PBXBuildFile; fileRef = CAF75201264F270C00EABEFC /* APIConfigurations.swift */; };
		CAFC899F264AF7CE00D361B0 /* UserModel.swift in Sources */ = {isa = PBXBuildFile; fileRef = CAFC899E264AF7CE00D361B0 /* UserModel.swift */; };
		CAFC89A2264B012800D361B0 /* APIError.swift in Sources */ = {isa = PBXBuildFile; fileRef = CAFC89A1264B012800D361B0 /* APIError.swift */; };
		CAFC89A4264B077900D361B0 /* ChargeOneStep.swift in Sources */ = {isa = PBXBuildFile; fileRef = CAFC89A3264B077900D361B0 /* ChargeOneStep.swift */; };
/* End PBXBuildFile section */

/* Begin PBXContainerItemProxy section */
		CABCA8E1264AB04F007AE005 /* PBXContainerItemProxy */ = {
			isa = PBXContainerItemProxy;
			containerPortal = CABCA8BF264AB04D007AE005 /* Project object */;
			proxyType = 1;
			remoteGlobalIDString = CABCA8C6264AB04D007AE005;
			remoteInfo = EmitirBoleto;
		};
		CABCA8EC264AB04F007AE005 /* PBXContainerItemProxy */ = {
			isa = PBXContainerItemProxy;
			containerPortal = CABCA8BF264AB04D007AE005 /* Project object */;
			proxyType = 1;
			remoteGlobalIDString = CABCA8C6264AB04D007AE005;
			remoteInfo = EmitirBoleto;
		};
/* End PBXContainerItemProxy section */

/* Begin PBXFileReference section */
		2061D632FB9809EE514AB1FC /* Pods-EmitirBoletoTests.debug.xcconfig */ = {isa = PBXFileReference; includeInIndex = 1; lastKnownFileType = text.xcconfig; name = "Pods-EmitirBoletoTests.debug.xcconfig"; path = "Target Support Files/Pods-EmitirBoletoTests/Pods-EmitirBoletoTests.debug.xcconfig"; sourceTree = "<group>"; };
		37853E2FFCD52B2C4533F39B /* Pods-EmitirBoleto-EmitirBoletoUITests.release.xcconfig */ = {isa = PBXFileReference; includeInIndex = 1; lastKnownFileType = text.xcconfig; name = "Pods-EmitirBoleto-EmitirBoletoUITests.release.xcconfig"; path = "Target Support Files/Pods-EmitirBoleto-EmitirBoletoUITests/Pods-EmitirBoleto-EmitirBoletoUITests.release.xcconfig"; sourceTree = "<group>"; };
		427FA4B23DC1784DB73F5703 /* Pods_EmitirBoleto.framework */ = {isa = PBXFileReference; explicitFileType = wrapper.framework; includeInIndex = 0; path = Pods_EmitirBoleto.framework; sourceTree = BUILT_PRODUCTS_DIR; };
		512F2C64F8D67D2114ABD864 /* Pods-EmitirBoletoTests.release.xcconfig */ = {isa = PBXFileReference; includeInIndex = 1; lastKnownFileType = text.xcconfig; name = "Pods-EmitirBoletoTests.release.xcconfig"; path = "Target Support Files/Pods-EmitirBoletoTests/Pods-EmitirBoletoTests.release.xcconfig"; sourceTree = "<group>"; };
		73B73A124B5E1E9593376F8E /* Pods_EmitirBoleto_EmitirBoletoUITests.framework */ = {isa = PBXFileReference; explicitFileType = wrapper.framework; includeInIndex = 0; path = Pods_EmitirBoleto_EmitirBoletoUITests.framework; sourceTree = BUILT_PRODUCTS_DIR; };
		83AD70706259383F52D7FC47 /* Pods-EmitirBoleto-EmitirBoletoUITests.debug.xcconfig */ = {isa = PBXFileReference; includeInIndex = 1; lastKnownFileType = text.xcconfig; name = "Pods-EmitirBoleto-EmitirBoletoUITests.debug.xcconfig"; path = "Target Support Files/Pods-EmitirBoleto-EmitirBoletoUITests/Pods-EmitirBoleto-EmitirBoletoUITests.debug.xcconfig"; sourceTree = "<group>"; };
		BFB526D55251AA27FC467449 /* Pods-EmitirBoleto.release.xcconfig */ = {isa = PBXFileReference; includeInIndex = 1; lastKnownFileType = text.xcconfig; name = "Pods-EmitirBoleto.release.xcconfig"; path = "Target Support Files/Pods-EmitirBoleto/Pods-EmitirBoleto.release.xcconfig"; sourceTree = "<group>"; };
		CA0247E4265D225500AE6F61 /* BankingBilletViewController.swift */ = {isa = PBXFileReference; lastKnownFileType = sourcecode.swift; path = BankingBilletViewController.swift; sourceTree = "<group>"; };
		CA0247E5265D225500AE6F61 /* BankingBilletViewController.xib */ = {isa = PBXFileReference; lastKnownFileType = file.xib; path = BankingBilletViewController.xib; sourceTree = "<group>"; };
		CA0247EA265D776900AE6F61 /* LoadingViewController.swift */ = {isa = PBXFileReference; lastKnownFileType = sourcecode.swift; path = LoadingViewController.swift; sourceTree = "<group>"; };
		CA0247EB265D776900AE6F61 /* LoadingViewController.xib */ = {isa = PBXFileReference; lastKnownFileType = file.xib; path = LoadingViewController.xib; sourceTree = "<group>"; };
		CA0247F7265D7C7D00AE6F61 /* FailureViewController.swift */ = {isa = PBXFileReference; lastKnownFileType = sourcecode.swift; path = FailureViewController.swift; sourceTree = "<group>"; };
		CA0247F8265D7C7D00AE6F61 /* FailureViewController.xib */ = {isa = PBXFileReference; lastKnownFileType = file.xib; path = FailureViewController.xib; sourceTree = "<group>"; };
		CA0247FB265D824400AE6F61 /* SuccessViewController.swift */ = {isa = PBXFileReference; lastKnownFileType = sourcecode.swift; path = SuccessViewController.swift; sourceTree = "<group>"; };
		CA0247FC265D824400AE6F61 /* SuccessViewController.xib */ = {isa = PBXFileReference; lastKnownFileType = file.xib; path = SuccessViewController.xib; sourceTree = "<group>"; };
		CA04B5DE265E7B6F00C759CA /* InsertCustomerViewModel.swift */ = {isa = PBXFileReference; lastKnownFileType = sourcecode.swift; path = InsertCustomerViewModel.swift; sourceTree = "<group>"; };
		CA04B5E0265E7E0800C759CA /* BindingTextField.swift */ = {isa = PBXFileReference; lastKnownFileType = sourcecode.swift; path = BindingTextField.swift; sourceTree = "<group>"; };
		CA04B5E2265E910800C759CA /* TesteViewController.swift */ = {isa = PBXFileReference; lastKnownFileType = sourcecode.swift; path = TesteViewController.swift; sourceTree = "<group>"; };
		CA04B5E3265E910800C759CA /* TesteViewController.xib */ = {isa = PBXFileReference; lastKnownFileType = file.xib; path = TesteViewController.xib; sourceTree = "<group>"; };
		CA1859BF265D1804001F821C /* UpdateItemPopupViewController.swift */ = {isa = PBXFileReference; lastKnownFileType = sourcecode.swift; path = UpdateItemPopupViewController.swift; sourceTree = "<group>"; };
		CA1859C0265D1804001F821C /* UpdateItemPopupViewController.xib */ = {isa = PBXFileReference; lastKnownFileType = file.xib; path = UpdateItemPopupViewController.xib; sourceTree = "<group>"; };
		CA1859C3265D1A91001F821C /* AddItemPopupViewController.swift */ = {isa = PBXFileReference; lastKnownFileType = sourcecode.swift; path = AddItemPopupViewController.swift; sourceTree = "<group>"; };
		CA1859C4265D1A91001F821C /* AddItemPopupViewController.xib */ = {isa = PBXFileReference; lastKnownFileType = file.xib; path = AddItemPopupViewController.xib; sourceTree = "<group>"; };
		CA2555342652926900F75E20 /* APIConstants.swift */ = {isa = PBXFileReference; lastKnownFileType = sourcecode.swift; path = APIConstants.swift; sourceTree = "<group>"; };
		CA25553B2652F3A000F75E20 /* RepeatingTimer.swift */ = {isa = PBXFileReference; lastKnownFileType = sourcecode.swift; path = RepeatingTimer.swift; sourceTree = "<group>"; };
		CA25553D2652F7A100F75E20 /* Constants.swift */ = {isa = PBXFileReference; lastKnownFileType = sourcecode.swift; path = Constants.swift; sourceTree = "<group>"; };
		CA25553F2652FA5C00F75E20 /* TestViewModel.swift */ = {isa = PBXFileReference; lastKnownFileType = sourcecode.swift; path = TestViewModel.swift; sourceTree = "<group>"; };
		CA255542265327FB00F75E20 /* AuthenticateAndChargeOneStep.swift */ = {isa = PBXFileReference; lastKnownFileType = sourcecode.swift; path = AuthenticateAndChargeOneStep.swift; sourceTree = "<group>"; };
		CA2555442653300B00F75E20 /* ScheduleAuthentication.swift */ = {isa = PBXFileReference; lastKnownFileType = sourcecode.swift; path = ScheduleAuthentication.swift; sourceTree = "<group>"; };
		CA29B511265815F9004BCBFD /* CustomersTableViewCell.swift */ = {isa = PBXFileReference; lastKnownFileType = sourcecode.swift; path = CustomersTableViewCell.swift; sourceTree = "<group>"; };
		CA29B512265815F9004BCBFD /* CustomersTableViewCell.xib */ = {isa = PBXFileReference; lastKnownFileType = file.xib; path = CustomersTableViewCell.xib; sourceTree = "<group>"; };
		CA29B51B26585190004BCBFD /* ItemTableViewCell.swift */ = {isa = PBXFileReference; lastKnownFileType = sourcecode.swift; path = ItemTableViewCell.swift; sourceTree = "<group>"; };
		CA29B51C26585190004BCBFD /* ItemTableViewCell.xib */ = {isa = PBXFileReference; lastKnownFileType = file.xib; path = ItemTableViewCell.xib; sourceTree = "<group>"; };
		CA29B51F26585477004BCBFD /* SearchItemViewController.swift */ = {isa = PBXFileReference; lastKnownFileType = sourcecode.swift; path = SearchItemViewController.swift; sourceTree = "<group>"; };
		CA29B52026585477004BCBFD /* SearchItemViewController.xib */ = {isa = PBXFileReference; lastKnownFileType = file.xib; path = SearchItemViewController.xib; sourceTree = "<group>"; };
		CA29B5232658583C004BCBFD /* Helper.swift */ = {isa = PBXFileReference; lastKnownFileType = sourcecode.swift; path = Helper.swift; sourceTree = "<group>"; };
		CA449BAF264D67100071AEF0 /* String+Extensions.swift */ = {isa = PBXFileReference; lastKnownFileType = sourcecode.swift; path = "String+Extensions.swift"; sourceTree = "<group>"; };
		CA6DE097265BE21600FC5D19 /* ItemDetailsTableViewCell.swift */ = {isa = PBXFileReference; lastKnownFileType = sourcecode.swift; path = ItemDetailsTableViewCell.swift; sourceTree = "<group>"; };
		CA6DE098265BE21600FC5D19 /* ItemDetailsTableViewCell.xib */ = {isa = PBXFileReference; lastKnownFileType = file.xib; path = ItemDetailsTableViewCell.xib; sourceTree = "<group>"; };
		CA6DE09B265C078E00FC5D19 /* AddItemViewController.swift */ = {isa = PBXFileReference; lastKnownFileType = sourcecode.swift; path = AddItemViewController.swift; sourceTree = "<group>"; };
		CA6DE09C265C078E00FC5D19 /* AddItemViewController.xib */ = {isa = PBXFileReference; lastKnownFileType = file.xib; path = AddItemViewController.xib; sourceTree = "<group>"; };
		CA6DE0A0265C2DB300FC5D19 /* EmptyItemTableViewCell.swift */ = {isa = PBXFileReference; lastKnownFileType = sourcecode.swift; path = EmptyItemTableViewCell.swift; sourceTree = "<group>"; };
		CA6DE0A1265C2DB300FC5D19 /* EmptyItemTableViewCell.xib */ = {isa = PBXFileReference; lastKnownFileType = file.xib; path = EmptyItemTableViewCell.xib; sourceTree = "<group>"; };
		CA87DF442653E02C0074A161 /* Authenticate.swift */ = {isa = PBXFileReference; lastKnownFileType = sourcecode.swift; path = Authenticate.swift; sourceTree = "<group>"; };
		CA87DF4826543BEC0074A161 /* CoreDataManager.swift */ = {isa = PBXFileReference; lastKnownFileType = sourcecode.swift; path = CoreDataManager.swift; sourceTree = "<group>"; };
		CA87DF8A26545BE30074A161 /* Customer+CoreDataClass.swift */ = {isa = PBXFileReference; lastKnownFileType = sourcecode.swift; path = "Customer+CoreDataClass.swift"; sourceTree = "<group>"; };
		CA87DF8B26545BE30074A161 /* Customer+CoreDataProperties.swift */ = {isa = PBXFileReference; lastKnownFileType = sourcecode.swift; path = "Customer+CoreDataProperties.swift"; sourceTree = "<group>"; };
		CA87DF8C26545BE30074A161 /* JuridicalPerson+CoreDataClass.swift */ = {isa = PBXFileReference; lastKnownFileType = sourcecode.swift; path = "JuridicalPerson+CoreDataClass.swift"; sourceTree = "<group>"; };
		CA87DF8D26545BE30074A161 /* JuridicalPerson+CoreDataProperties.swift */ = {isa = PBXFileReference; lastKnownFileType = sourcecode.swift; path = "JuridicalPerson+CoreDataProperties.swift"; sourceTree = "<group>"; };
		CA87DF8E26545BE30074A161 /* Address+CoreDataClass.swift */ = {isa = PBXFileReference; lastKnownFileType = sourcecode.swift; path = "Address+CoreDataClass.swift"; sourceTree = "<group>"; };
		CA87DF8F26545BE30074A161 /* Address+CoreDataProperties.swift */ = {isa = PBXFileReference; lastKnownFileType = sourcecode.swift; path = "Address+CoreDataProperties.swift"; sourceTree = "<group>"; };
		CA87DF9826545F270074A161 /* CoreDataCustomerRepository.swift */ = {isa = PBXFileReference; lastKnownFileType = sourcecode.swift; path = CoreDataCustomerRepository.swift; sourceTree = "<group>"; };
		CA87DF9A2654755D0074A161 /* EntityMapper.swift */ = {isa = PBXFileReference; lastKnownFileType = sourcecode.swift; path = EntityMapper.swift; sourceTree = "<group>"; };
		CA87DF9C265480E70074A161 /* Item+CoreDataClass.swift */ = {isa = PBXFileReference; lastKnownFileType = sourcecode.swift; path = "Item+CoreDataClass.swift"; sourceTree = "<group>"; };
		CA87DF9D265480E70074A161 /* Item+CoreDataProperties.swift */ = {isa = PBXFileReference; lastKnownFileType = sourcecode.swift; path = "Item+CoreDataProperties.swift"; sourceTree = "<group>"; };
		CA87DFA1265497C90074A161 /* CoreDataItemRepository.swift */ = {isa = PBXFileReference; lastKnownFileType = sourcecode.swift; path = CoreDataItemRepository.swift; sourceTree = "<group>"; };
		CABB5FC4265564FD0079FFDF /* Coordinator.swift */ = {isa = PBXFileReference; lastKnownFileType = sourcecode.swift; path = Coordinator.swift; sourceTree = "<group>"; };
		CABB5FC7265566940079FFDF /* InsertCustomerViewController.swift */ = {isa = PBXFileReference; lastKnownFileType = sourcecode.swift; path = InsertCustomerViewController.swift; sourceTree = "<group>"; };
		CABB5FC8265566940079FFDF /* InsertCustomerViewController.xib */ = {isa = PBXFileReference; lastKnownFileType = file.xib; path = InsertCustomerViewController.xib; sourceTree = "<group>"; };
		CABB5FCB265566FD0079FFDF /* MainCoordinator.swift */ = {isa = PBXFileReference; lastKnownFileType = sourcecode.swift; path = MainCoordinator.swift; sourceTree = "<group>"; };
		CABCA8C7264AB04D007AE005 /* EmitirBoleto.app */ = {isa = PBXFileReference; explicitFileType = wrapper.application; includeInIndex = 0; path = EmitirBoleto.app; sourceTree = BUILT_PRODUCTS_DIR; };
		CABCA8CA264AB04D007AE005 /* AppDelegate.swift */ = {isa = PBXFileReference; lastKnownFileType = sourcecode.swift; path = AppDelegate.swift; sourceTree = "<group>"; };
		CABCA8CC264AB04D007AE005 /* SceneDelegate.swift */ = {isa = PBXFileReference; lastKnownFileType = sourcecode.swift; path = SceneDelegate.swift; sourceTree = "<group>"; };
		CABCA8CE264AB04D007AE005 /* TestViewController.swift */ = {isa = PBXFileReference; lastKnownFileType = sourcecode.swift; path = TestViewController.swift; sourceTree = "<group>"; };
		CABCA8D4264AB04D007AE005 /* EmitirBoleto.xcdatamodel */ = {isa = PBXFileReference; lastKnownFileType = wrapper.xcdatamodel; path = EmitirBoleto.xcdatamodel; sourceTree = "<group>"; };
		CABCA8D6264AB04E007AE005 /* Assets.xcassets */ = {isa = PBXFileReference; lastKnownFileType = folder.assetcatalog; path = Assets.xcassets; sourceTree = "<group>"; };
		CABCA8D9264AB04E007AE005 /* Base */ = {isa = PBXFileReference; lastKnownFileType = file.storyboard; name = Base; path = Base.lproj/LaunchScreen.storyboard; sourceTree = "<group>"; };
		CABCA8DB264AB04E007AE005 /* Info.plist */ = {isa = PBXFileReference; lastKnownFileType = text.plist.xml; path = Info.plist; sourceTree = "<group>"; };
		CABCA8E0264AB04F007AE005 /* EmitirBoletoTests.xctest */ = {isa = PBXFileReference; explicitFileType = wrapper.cfbundle; includeInIndex = 0; path = EmitirBoletoTests.xctest; sourceTree = BUILT_PRODUCTS_DIR; };
		CABCA8E4264AB04F007AE005 /* EmitirBoletoTests.swift */ = {isa = PBXFileReference; lastKnownFileType = sourcecode.swift; path = EmitirBoletoTests.swift; sourceTree = "<group>"; };
		CABCA8E6264AB04F007AE005 /* Info.plist */ = {isa = PBXFileReference; lastKnownFileType = text.plist.xml; path = Info.plist; sourceTree = "<group>"; };
		CABCA8EB264AB04F007AE005 /* EmitirBoletoUITests.xctest */ = {isa = PBXFileReference; explicitFileType = wrapper.cfbundle; includeInIndex = 0; path = EmitirBoletoUITests.xctest; sourceTree = BUILT_PRODUCTS_DIR; };
		CABCA8EF264AB04F007AE005 /* EmitirBoletoUITests.swift */ = {isa = PBXFileReference; lastKnownFileType = sourcecode.swift; path = EmitirBoletoUITests.swift; sourceTree = "<group>"; };
		CABCA8F1264AB04F007AE005 /* Info.plist */ = {isa = PBXFileReference; lastKnownFileType = text.plist.xml; path = Info.plist; sourceTree = "<group>"; };
		CABCA90A264AB3E5007AE005 /* AddressModel.swift */ = {isa = PBXFileReference; lastKnownFileType = sourcecode.swift; path = AddressModel.swift; sourceTree = "<group>"; };
		CABCA917264AC2E3007AE005 /* CustomerModel.swift */ = {isa = PBXFileReference; lastKnownFileType = sourcecode.swift; path = CustomerModel.swift; sourceTree = "<group>"; };
		CABCA919264AC307007AE005 /* ItemModel.swift */ = {isa = PBXFileReference; lastKnownFileType = sourcecode.swift; path = ItemModel.swift; sourceTree = "<group>"; };
		CABCA91D264AC43A007AE005 /* BankingBilletModel.swift */ = {isa = PBXFileReference; lastKnownFileType = sourcecode.swift; path = BankingBilletModel.swift; sourceTree = "<group>"; };
		CABCA91F264AC67F007AE005 /* ShippingModel.swift */ = {isa = PBXFileReference; lastKnownFileType = sourcecode.swift; path = ShippingModel.swift; sourceTree = "<group>"; };
		CABCA921264AC82C007AE005 /* ChargeOneStepResponseModel.swift */ = {isa = PBXFileReference; lastKnownFileType = sourcecode.swift; path = ChargeOneStepResponseModel.swift; sourceTree = "<group>"; };
		CABCA923264ACFAD007AE005 /* CustomerRepository.swift */ = {isa = PBXFileReference; lastKnownFileType = sourcecode.swift; path = CustomerRepository.swift; sourceTree = "<group>"; };
		CABCA925264AD220007AE005 /* ItemRepository.swift */ = {isa = PBXFileReference; lastKnownFileType = sourcecode.swift; path = ItemRepository.swift; sourceTree = "<group>"; };
		CABCA92A264AD46E007AE005 /* PaymentGateway.swift */ = {isa = PBXFileReference; lastKnownFileType = sourcecode.swift; path = PaymentGateway.swift; sourceTree = "<group>"; };
		CABCA931264ADBE2007AE005 /* AuthorizeResponseModel.swift */ = {isa = PBXFileReference; lastKnownFileType = sourcecode.swift; path = AuthorizeResponseModel.swift; sourceTree = "<group>"; };
		CAC0F12826568FAD00D98492 /* UIColor+Extensions.swift */ = {isa = PBXFileReference; lastKnownFileType = sourcecode.swift; path = "UIColor+Extensions.swift"; sourceTree = "<group>"; };
		CAC0F12A2656951B00D98492 /* UIImage+Extensions.swift */ = {isa = PBXFileReference; lastKnownFileType = sourcecode.swift; path = "UIImage+Extensions.swift"; sourceTree = "<group>"; };
		CAC0F12F2656EAB700D98492 /* SearchCustomerViewController.swift */ = {isa = PBXFileReference; lastKnownFileType = sourcecode.swift; path = SearchCustomerViewController.swift; sourceTree = "<group>"; };
		CAC0F1302656EAB700D98492 /* SearchCustomerViewController.xib */ = {isa = PBXFileReference; lastKnownFileType = file.xib; path = SearchCustomerViewController.xib; sourceTree = "<group>"; };
		CAD3AEBC264BEAC400DD0DCB /* ChargeOneStepModel.swift */ = {isa = PBXFileReference; lastKnownFileType = sourcecode.swift; path = ChargeOneStepModel.swift; sourceTree = "<group>"; };
		CAD3AEC1264BF33300DD0DCB /* Serializable.swift */ = {isa = PBXFileReference; lastKnownFileType = sourcecode.swift; path = Serializable.swift; sourceTree = "<group>"; };
		CAD3AECC264BFFDF00DD0DCB /* Data+Extensions.swift */ = {isa = PBXFileReference; lastKnownFileType = sourcecode.swift; path = "Data+Extensions.swift"; sourceTree = "<group>"; };
		CAD3AEDE264C24F600DD0DCB /* JuridicalPersonModel.swift */ = {isa = PBXFileReference; lastKnownFileType = sourcecode.swift; path = JuridicalPersonModel.swift; sourceTree = "<group>"; };
		CADE843E265BDBF60020BEC3 /* ItemActionsTableViewCell.swift */ = {isa = PBXFileReference; lastKnownFileType = sourcecode.swift; path = ItemActionsTableViewCell.swift; sourceTree = "<group>"; };
		CADE843F265BDBF60020BEC3 /* ItemActionsTableViewCell.xib */ = {isa = PBXFileReference; lastKnownFileType = file.xib; path = ItemActionsTableViewCell.xib; sourceTree = "<group>"; };
		CAF751EF264F117700EABEFC /* Gerencianet.swift */ = {isa = PBXFileReference; lastKnownFileType = sourcecode.swift; path = Gerencianet.swift; sourceTree = "<group>"; };
		CAF751F1264F118E00EABEFC /* GerencianetEndpoints.swift */ = {isa = PBXFileReference; lastKnownFileType = sourcecode.swift; path = GerencianetEndpoints.swift; sourceTree = "<group>"; };
		CAF751F3264F119A00EABEFC /* HeadersFactory.swift */ = {isa = PBXFileReference; lastKnownFileType = sourcecode.swift; path = HeadersFactory.swift; sourceTree = "<group>"; };
		CAF751F5264F11A700EABEFC /* BodyFactory.swift */ = {isa = PBXFileReference; lastKnownFileType = sourcecode.swift; path = BodyFactory.swift; sourceTree = "<group>"; };
		CAF751F7264F129000EABEFC /* Gerencianet+Authorize.swift */ = {isa = PBXFileReference; lastKnownFileType = sourcecode.swift; path = "Gerencianet+Authorize.swift"; sourceTree = "<group>"; };
		CAF751F9264F13B700EABEFC /* AlamofireClient.swift */ = {isa = PBXFileReference; lastKnownFileType = sourcecode.swift; path = AlamofireClient.swift; sourceTree = "<group>"; };
		CAF751FD264F158400EABEFC /* HTTPAlamofireClient.swift */ = {isa = PBXFileReference; lastKnownFileType = sourcecode.swift; path = HTTPAlamofireClient.swift; sourceTree = "<group>"; };
		CAF751FF264F233700EABEFC /* Gerencianet+ChargeOneStep.swift */ = {isa = PBXFileReference; lastKnownFileType = sourcecode.swift; path = "Gerencianet+ChargeOneStep.swift"; sourceTree = "<group>"; };
		CAF75201264F270C00EABEFC /* APIConfigurations.swift */ = {isa = PBXFileReference; lastKnownFileType = sourcecode.swift; path = APIConfigurations.swift; sourceTree = "<group>"; };
		CAFC899E264AF7CE00D361B0 /* UserModel.swift */ = {isa = PBXFileReference; lastKnownFileType = sourcecode.swift; path = UserModel.swift; sourceTree = "<group>"; };
		CAFC89A1264B012800D361B0 /* APIError.swift */ = {isa = PBXFileReference; lastKnownFileType = sourcecode.swift; path = APIError.swift; sourceTree = "<group>"; };
		CAFC89A3264B077900D361B0 /* ChargeOneStep.swift */ = {isa = PBXFileReference; lastKnownFileType = sourcecode.swift; path = ChargeOneStep.swift; sourceTree = "<group>"; };
		F77A04EAF7AE2FAEFC399FD9 /* Pods_EmitirBoletoTests.framework */ = {isa = PBXFileReference; explicitFileType = wrapper.framework; includeInIndex = 0; path = Pods_EmitirBoletoTests.framework; sourceTree = BUILT_PRODUCTS_DIR; };
		F98C064082B60A0DD6208CF5 /* Pods-EmitirBoleto.debug.xcconfig */ = {isa = PBXFileReference; includeInIndex = 1; lastKnownFileType = text.xcconfig; name = "Pods-EmitirBoleto.debug.xcconfig"; path = "Target Support Files/Pods-EmitirBoleto/Pods-EmitirBoleto.debug.xcconfig"; sourceTree = "<group>"; };
/* End PBXFileReference section */

/* Begin PBXFrameworksBuildPhase section */
		CABCA8C4264AB04D007AE005 /* Frameworks */ = {
			isa = PBXFrameworksBuildPhase;
			buildActionMask = 2147483647;
			files = (
				60D5968BDE40F3F694434C0C /* Pods_EmitirBoleto.framework in Frameworks */,
			);
			runOnlyForDeploymentPostprocessing = 0;
		};
		CABCA8DD264AB04F007AE005 /* Frameworks */ = {
			isa = PBXFrameworksBuildPhase;
			buildActionMask = 2147483647;
			files = (
				172CF709C3F8F8AC16E5DA79 /* Pods_EmitirBoletoTests.framework in Frameworks */,
			);
			runOnlyForDeploymentPostprocessing = 0;
		};
		CABCA8E8264AB04F007AE005 /* Frameworks */ = {
			isa = PBXFrameworksBuildPhase;
			buildActionMask = 2147483647;
			files = (
				5B2C1C019D97527B273D86DE /* Pods_EmitirBoleto_EmitirBoletoUITests.framework in Frameworks */,
			);
			runOnlyForDeploymentPostprocessing = 0;
		};
/* End PBXFrameworksBuildPhase section */

/* Begin PBXGroup section */
		623B25C55304E82FB7237279 /* Pods */ = {
			isa = PBXGroup;
			children = (
				F98C064082B60A0DD6208CF5 /* Pods-EmitirBoleto.debug.xcconfig */,
				BFB526D55251AA27FC467449 /* Pods-EmitirBoleto.release.xcconfig */,
				83AD70706259383F52D7FC47 /* Pods-EmitirBoleto-EmitirBoletoUITests.debug.xcconfig */,
				37853E2FFCD52B2C4533F39B /* Pods-EmitirBoleto-EmitirBoletoUITests.release.xcconfig */,
				2061D632FB9809EE514AB1FC /* Pods-EmitirBoletoTests.debug.xcconfig */,
				512F2C64F8D67D2114ABD864 /* Pods-EmitirBoletoTests.release.xcconfig */,
			);
			path = Pods;
			sourceTree = "<group>";
		};
		8618A834A243BEC714F28D98 /* Frameworks */ = {
			isa = PBXGroup;
			children = (
				427FA4B23DC1784DB73F5703 /* Pods_EmitirBoleto.framework */,
				73B73A124B5E1E9593376F8E /* Pods_EmitirBoleto_EmitirBoletoUITests.framework */,
				F77A04EAF7AE2FAEFC399FD9 /* Pods_EmitirBoletoTests.framework */,
			);
			name = Frameworks;
			sourceTree = "<group>";
		};
		CA0247E3265D21F400AE6F61 /* Charge */ = {
			isa = PBXGroup;
			children = (
				CA0247F3265D785D00AE6F61 /* BankingBillet */,
				CA0247F0265D77A500AE6F61 /* Loading */,
				CA0247F1265D77C200AE6F61 /* Failure */,
				CA0247F2265D77D600AE6F61 /* Success */,
			);
			path = Charge;
			sourceTree = "<group>";
		};
		CA0247E8265D226200AE6F61 /* Customer */ = {
			isa = PBXGroup;
			children = (
				CABB5FC6265566640079FFDF /* InsertCustomer */,
				CAC0F12E2656EA9B00D98492 /* SearchCustomer */,
			);
			path = Customer;
			sourceTree = "<group>";
		};
		CA0247E9265D227E00AE6F61 /* Item */ = {
			isa = PBXGroup;
			children = (
				CA29B52626585C2A004BCBFD /* AddItem */,
				CA6DE09F265C2CBF00FC5D19 /* Popups */,
				CA29B51726584FCB004BCBFD /* SearchItem */,
			);
			path = Item;
			sourceTree = "<group>";
		};
		CA0247EE265D777A00AE6F61 /* UploadItem */ = {
			isa = PBXGroup;
			children = (
				CA1859BF265D1804001F821C /* UpdateItemPopupViewController.swift */,
				CA1859C0265D1804001F821C /* UpdateItemPopupViewController.xib */,
			);
			path = UploadItem;
			sourceTree = "<group>";
		};
		CA0247EF265D778C00AE6F61 /* AddItem */ = {
			isa = PBXGroup;
			children = (
				CA1859C3265D1A91001F821C /* AddItemPopupViewController.swift */,
				CA1859C4265D1A91001F821C /* AddItemPopupViewController.xib */,
			);
			path = AddItem;
			sourceTree = "<group>";
		};
		CA0247F0265D77A500AE6F61 /* Loading */ = {
			isa = PBXGroup;
			children = (
				CA0247EA265D776900AE6F61 /* LoadingViewController.swift */,
				CA0247EB265D776900AE6F61 /* LoadingViewController.xib */,
			);
			path = Loading;
			sourceTree = "<group>";
		};
		CA0247F1265D77C200AE6F61 /* Failure */ = {
			isa = PBXGroup;
			children = (
				CA0247F7265D7C7D00AE6F61 /* FailureViewController.swift */,
				CA0247F8265D7C7D00AE6F61 /* FailureViewController.xib */,
			);
			path = Failure;
			sourceTree = "<group>";
		};
		CA0247F2265D77D600AE6F61 /* Success */ = {
			isa = PBXGroup;
			children = (
				CA0247FB265D824400AE6F61 /* SuccessViewController.swift */,
				CA0247FC265D824400AE6F61 /* SuccessViewController.xib */,
			);
			path = Success;
			sourceTree = "<group>";
		};
		CA0247F3265D785D00AE6F61 /* BankingBillet */ = {
			isa = PBXGroup;
			children = (
				CA0247E4265D225500AE6F61 /* BankingBilletViewController.swift */,
				CA0247E5265D225500AE6F61 /* BankingBilletViewController.xib */,
			);
			path = BankingBillet;
			sourceTree = "<group>";
		};
		CA0247F4265D79D500AE6F61 /* ItemActions */ = {
			isa = PBXGroup;
			children = (
				CADE843E265BDBF60020BEC3 /* ItemActionsTableViewCell.swift */,
				CADE843F265BDBF60020BEC3 /* ItemActionsTableViewCell.xib */,
			);
			path = ItemActions;
			sourceTree = "<group>";
		};
		CA0247F5265D79E300AE6F61 /* EmptyItem */ = {
			isa = PBXGroup;
			children = (
				CA6DE0A0265C2DB300FC5D19 /* EmptyItemTableViewCell.swift */,
				CA6DE0A1265C2DB300FC5D19 /* EmptyItemTableViewCell.xib */,
			);
			path = EmptyItem;
			sourceTree = "<group>";
		};
		CA0247F6265D79F300AE6F61 /* ItemDetails */ = {
			isa = PBXGroup;
			children = (
				CA6DE097265BE21600FC5D19 /* ItemDetailsTableViewCell.swift */,
				CA6DE098265BE21600FC5D19 /* ItemDetailsTableViewCell.xib */,
			);
			path = ItemDetails;
			sourceTree = "<group>";
		};
		CA2555412653268E00F75E20 /* Test */ = {
			isa = PBXGroup;
			children = (
				CABCA8CE264AB04D007AE005 /* TestViewController.swift */,
				CA25553F2652FA5C00F75E20 /* TestViewModel.swift */,
				CA04B5E2265E910800C759CA /* TesteViewController.swift */,
				CA04B5E3265E910800C759CA /* TesteViewController.xib */,
			);
			path = Test;
			sourceTree = "<group>";
		};
		CA29B510265815D1004BCBFD /* Cells */ = {
			isa = PBXGroup;
			children = (
				CA29B511265815F9004BCBFD /* CustomersTableViewCell.swift */,
				CA29B512265815F9004BCBFD /* CustomersTableViewCell.xib */,
			);
			path = Cells;
			sourceTree = "<group>";
		};
		CA29B51726584FCB004BCBFD /* SearchItem */ = {
			isa = PBXGroup;
			children = (
				CA29B51826584FF5004BCBFD /* Cells */,
				CA29B51F26585477004BCBFD /* SearchItemViewController.swift */,
				CA29B52026585477004BCBFD /* SearchItemViewController.xib */,
			);
			path = SearchItem;
			sourceTree = "<group>";
		};
		CA29B51826584FF5004BCBFD /* Cells */ = {
			isa = PBXGroup;
			children = (
				CA29B51B26585190004BCBFD /* ItemTableViewCell.swift */,
				CA29B51C26585190004BCBFD /* ItemTableViewCell.xib */,
			);
			path = Cells;
			sourceTree = "<group>";
		};
		CA29B5252658584B004BCBFD /* Extensions */ = {
			isa = PBXGroup;
			children = (
				CAD3AECC264BFFDF00DD0DCB /* Data+Extensions.swift */,
				CA449BAF264D67100071AEF0 /* String+Extensions.swift */,
				CAC0F12826568FAD00D98492 /* UIColor+Extensions.swift */,
				CAC0F12A2656951B00D98492 /* UIImage+Extensions.swift */,
			);
			path = Extensions;
			sourceTree = "<group>";
		};
		CA29B52626585C2A004BCBFD /* AddItem */ = {
			isa = PBXGroup;
			children = (
				CA29B52B26586B5F004BCBFD /* Cells */,
				CA6DE09B265C078E00FC5D19 /* AddItemViewController.swift */,
				CA6DE09C265C078E00FC5D19 /* AddItemViewController.xib */,
			);
			path = AddItem;
			sourceTree = "<group>";
		};
		CA29B52B26586B5F004BCBFD /* Cells */ = {
			isa = PBXGroup;
			children = (
				CA0247F5265D79E300AE6F61 /* EmptyItem */,
				CA0247F6265D79F300AE6F61 /* ItemDetails */,
				CA0247F4265D79D500AE6F61 /* ItemActions */,
			);
			path = Cells;
			sourceTree = "<group>";
		};
		CA6DE09F265C2CBF00FC5D19 /* Popups */ = {
			isa = PBXGroup;
			children = (
				CA0247EF265D778C00AE6F61 /* AddItem */,
				CA0247EE265D777A00AE6F61 /* UploadItem */,
			);
			path = Popups;
			sourceTree = "<group>";
		};
		CA87DF4626543A9C0074A161 /* HTTP */ = {
			isa = PBXGroup;
			children = (
				CAF751F9264F13B700EABEFC /* AlamofireClient.swift */,
			);
			path = HTTP;
			sourceTree = "<group>";
		};
		CA87DF4726543AA30074A161 /* CoreData */ = {
			isa = PBXGroup;
			children = (
				CA87DF4A265451200074A161 /* Entities */,
				CA87DF4826543BEC0074A161 /* CoreDataManager.swift */,
			);
			path = CoreData;
			sourceTree = "<group>";
		};
		CA87DF4A265451200074A161 /* Entities */ = {
			isa = PBXGroup;
			children = (
				CA87DF9C265480E70074A161 /* Item+CoreDataClass.swift */,
				CA87DF9D265480E70074A161 /* Item+CoreDataProperties.swift */,
				CA87DF8A26545BE30074A161 /* Customer+CoreDataClass.swift */,
				CA87DF8B26545BE30074A161 /* Customer+CoreDataProperties.swift */,
				CA87DF8C26545BE30074A161 /* JuridicalPerson+CoreDataClass.swift */,
				CA87DF8D26545BE30074A161 /* JuridicalPerson+CoreDataProperties.swift */,
				CA87DF8E26545BE30074A161 /* Address+CoreDataClass.swift */,
				CA87DF8F26545BE30074A161 /* Address+CoreDataProperties.swift */,
			);
			path = Entities;
			sourceTree = "<group>";
		};
		CA87DF9726545EFE0074A161 /* Database */ = {
			isa = PBXGroup;
			children = (
				CA87DFA0265497930074A161 /* Helpers */,
				CA87DF9826545F270074A161 /* CoreDataCustomerRepository.swift */,
				CA87DFA1265497C90074A161 /* CoreDataItemRepository.swift */,
			);
			path = Database;
			sourceTree = "<group>";
		};
		CA87DFA0265497930074A161 /* Helpers */ = {
			isa = PBXGroup;
			children = (
				CA87DF9A2654755D0074A161 /* EntityMapper.swift */,
			);
			path = Helpers;
			sourceTree = "<group>";
		};
		CABB5FC32655647A0079FFDF /* Coordinator */ = {
			isa = PBXGroup;
			children = (
				CABB5FC4265564FD0079FFDF /* Coordinator.swift */,
				CABB5FCB265566FD0079FFDF /* MainCoordinator.swift */,
			);
			path = Coordinator;
			sourceTree = "<group>";
		};
		CABB5FC6265566640079FFDF /* InsertCustomer */ = {
			isa = PBXGroup;
			children = (
				CABB5FC7265566940079FFDF /* InsertCustomerViewController.swift */,
				CABB5FC8265566940079FFDF /* InsertCustomerViewController.xib */,
				CA04B5DE265E7B6F00C759CA /* InsertCustomerViewModel.swift */,
			);
			path = InsertCustomer;
			sourceTree = "<group>";
		};
		CABCA8BE264AB04D007AE005 = {
			isa = PBXGroup;
			children = (
				CABCA8C9264AB04D007AE005 /* EmitirBoleto */,
				CABCA8E3264AB04F007AE005 /* EmitirBoletoTests */,
				CABCA8EE264AB04F007AE005 /* EmitirBoletoUITests */,
				CABCA8C8264AB04D007AE005 /* Products */,
				623B25C55304E82FB7237279 /* Pods */,
				8618A834A243BEC714F28D98 /* Frameworks */,
			);
			sourceTree = "<group>";
		};
		CABCA8C8264AB04D007AE005 /* Products */ = {
			isa = PBXGroup;
			children = (
				CABCA8C7264AB04D007AE005 /* EmitirBoleto.app */,
				CABCA8E0264AB04F007AE005 /* EmitirBoletoTests.xctest */,
				CABCA8EB264AB04F007AE005 /* EmitirBoletoUITests.xctest */,
			);
			name = Products;
			sourceTree = "<group>";
		};
		CABCA8C9264AB04D007AE005 /* EmitirBoleto */ = {
			isa = PBXGroup;
			children = (
				CAD3AEC7264BF93000DD0DCB /* Helpers */,
				CABCA901264AB08D007AE005 /* Infrastructure */,
				CABCA905264AB0DD007AE005 /* Adapters */,
				CABCA900264AB086007AE005 /* Core */,
				CABB5FC32655647A0079FFDF /* Coordinator */,
				CABCA8FF264AB080007AE005 /* Scenes */,
				CABCA906264AB0ED007AE005 /* Storyboard */,
				CABCA8CA264AB04D007AE005 /* AppDelegate.swift */,
				CABCA8CC264AB04D007AE005 /* SceneDelegate.swift */,
				CABCA8D6264AB04E007AE005 /* Assets.xcassets */,
				CABCA8D8264AB04E007AE005 /* LaunchScreen.storyboard */,
				CABCA8DB264AB04E007AE005 /* Info.plist */,
				CABCA8D3264AB04D007AE005 /* EmitirBoleto.xcdatamodeld */,
			);
			path = EmitirBoleto;
			sourceTree = "<group>";
		};
		CABCA8E3264AB04F007AE005 /* EmitirBoletoTests */ = {
			isa = PBXGroup;
			children = (
				CABCA8E4264AB04F007AE005 /* EmitirBoletoTests.swift */,
				CABCA8E6264AB04F007AE005 /* Info.plist */,
			);
			path = EmitirBoletoTests;
			sourceTree = "<group>";
		};
		CABCA8EE264AB04F007AE005 /* EmitirBoletoUITests */ = {
			isa = PBXGroup;
			children = (
				CABCA8EF264AB04F007AE005 /* EmitirBoletoUITests.swift */,
				CABCA8F1264AB04F007AE005 /* Info.plist */,
			);
			path = EmitirBoletoUITests;
			sourceTree = "<group>";
		};
		CABCA8FF264AB080007AE005 /* Scenes */ = {
			isa = PBXGroup;
			children = (
				CA0247E8265D226200AE6F61 /* Customer */,
				CA0247E9265D227E00AE6F61 /* Item */,
				CA0247E3265D21F400AE6F61 /* Charge */,
				CA2555412653268E00F75E20 /* Test */,
			);
			path = Scenes;
			sourceTree = "<group>";
		};
		CABCA900264AB086007AE005 /* Core */ = {
			isa = PBXGroup;
			children = (
				CABCA927264AD43D007AE005 /* Ports */,
				CABCA904264AB0A3007AE005 /* Repositories */,
				CABCA902264AB094007AE005 /* Models */,
				CABCA903264AB09A007AE005 /* UseCases */,
			);
			path = Core;
			sourceTree = "<group>";
		};
		CABCA901264AB08D007AE005 /* Infrastructure */ = {
			isa = PBXGroup;
			children = (
				CA87DF4626543A9C0074A161 /* HTTP */,
				CA87DF4726543AA30074A161 /* CoreData */,
			);
			path = Infrastructure;
			sourceTree = "<group>";
		};
		CABCA902264AB094007AE005 /* Models */ = {
			isa = PBXGroup;
			children = (
				CAFC89AB264B1B4100D361B0 /* User */,
				CABCA910264AB83E007AE005 /* Customer */,
				CABCA91C264AC42C007AE005 /* Charge */,
				CAFC89A0264AFF3A00D361B0 /* Error */,
				CABCA933264ADDA4007AE005 /* Responses */,
			);
			path = Models;
			sourceTree = "<group>";
		};
		CABCA903264AB09A007AE005 /* UseCases */ = {
			isa = PBXGroup;
			children = (
				CA87DF442653E02C0074A161 /* Authenticate.swift */,
				CA2555442653300B00F75E20 /* ScheduleAuthentication.swift */,
				CA255542265327FB00F75E20 /* AuthenticateAndChargeOneStep.swift */,
				CAFC89A3264B077900D361B0 /* ChargeOneStep.swift */,
			);
			path = UseCases;
			sourceTree = "<group>";
		};
		CABCA904264AB0A3007AE005 /* Repositories */ = {
			isa = PBXGroup;
			children = (
				CABCA923264ACFAD007AE005 /* CustomerRepository.swift */,
				CABCA925264AD220007AE005 /* ItemRepository.swift */,
			);
			path = Repositories;
			sourceTree = "<group>";
		};
		CABCA905264AB0DD007AE005 /* Adapters */ = {
			isa = PBXGroup;
			children = (
				CAF751EE264F116400EABEFC /* Gerencianet */,
				CA87DF9726545EFE0074A161 /* Database */,
			);
			path = Adapters;
			sourceTree = "<group>";
		};
		CABCA906264AB0ED007AE005 /* Storyboard */ = {
			isa = PBXGroup;
			children = (
			);
			path = Storyboard;
			sourceTree = "<group>";
		};
		CABCA910264AB83E007AE005 /* Customer */ = {
			isa = PBXGroup;
			children = (
				CABCA90A264AB3E5007AE005 /* AddressModel.swift */,
				CAD3AEDE264C24F600DD0DCB /* JuridicalPersonModel.swift */,
				CABCA917264AC2E3007AE005 /* CustomerModel.swift */,
			);
			path = Customer;
			sourceTree = "<group>";
		};
		CABCA91C264AC42C007AE005 /* Charge */ = {
			isa = PBXGroup;
			children = (
				CABCA919264AC307007AE005 /* ItemModel.swift */,
				CABCA91F264AC67F007AE005 /* ShippingModel.swift */,
				CABCA91D264AC43A007AE005 /* BankingBilletModel.swift */,
				CAD3AEBC264BEAC400DD0DCB /* ChargeOneStepModel.swift */,
			);
			path = Charge;
			sourceTree = "<group>";
		};
		CABCA927264AD43D007AE005 /* Ports */ = {
			isa = PBXGroup;
			children = (
				CABCA92A264AD46E007AE005 /* PaymentGateway.swift */,
			);
			path = Ports;
			sourceTree = "<group>";
		};
		CABCA933264ADDA4007AE005 /* Responses */ = {
			isa = PBXGroup;
			children = (
				CABCA931264ADBE2007AE005 /* AuthorizeResponseModel.swift */,
				CABCA921264AC82C007AE005 /* ChargeOneStepResponseModel.swift */,
			);
			path = Responses;
			sourceTree = "<group>";
		};
		CAC0F12E2656EA9B00D98492 /* SearchCustomer */ = {
			isa = PBXGroup;
			children = (
				CA29B510265815D1004BCBFD /* Cells */,
				CAC0F12F2656EAB700D98492 /* SearchCustomerViewController.swift */,
				CAC0F1302656EAB700D98492 /* SearchCustomerViewController.xib */,
			);
			path = SearchCustomer;
			sourceTree = "<group>";
		};
		CAD3AEC7264BF93000DD0DCB /* Helpers */ = {
			isa = PBXGroup;
			children = (
				CA29B5232658583C004BCBFD /* Helper.swift */,
				CA25553D2652F7A100F75E20 /* Constants.swift */,
				CAD3AEC1264BF33300DD0DCB /* Serializable.swift */,
				CA25553B2652F3A000F75E20 /* RepeatingTimer.swift */,
				CA04B5E0265E7E0800C759CA /* BindingTextField.swift */,
				CA29B5252658584B004BCBFD /* Extensions */,
			);
			path = Helpers;
			sourceTree = "<group>";
		};
		CAF751EE264F116400EABEFC /* Gerencianet */ = {
			isa = PBXGroup;
			children = (
				CAF75204264F28CB00EABEFC /* Helpers */,
				CAF75203264F289400EABEFC /* Contracts */,
				CAF751EF264F117700EABEFC /* Gerencianet.swift */,
				CAF751F1264F118E00EABEFC /* GerencianetEndpoints.swift */,
				CAF751F7264F129000EABEFC /* Gerencianet+Authorize.swift */,
				CAF751FF264F233700EABEFC /* Gerencianet+ChargeOneStep.swift */,
			);
			path = Gerencianet;
			sourceTree = "<group>";
		};
		CAF75203264F289400EABEFC /* Contracts */ = {
			isa = PBXGroup;
			children = (
				CAF751FD264F158400EABEFC /* HTTPAlamofireClient.swift */,
				CAF75201264F270C00EABEFC /* APIConfigurations.swift */,
			);
			path = Contracts;
			sourceTree = "<group>";
		};
		CAF75204264F28CB00EABEFC /* Helpers */ = {
			isa = PBXGroup;
			children = (
				CA2555342652926900F75E20 /* APIConstants.swift */,
				CAF751F3264F119A00EABEFC /* HeadersFactory.swift */,
				CAF751F5264F11A700EABEFC /* BodyFactory.swift */,
			);
			path = Helpers;
			sourceTree = "<group>";
		};
		CAFC89A0264AFF3A00D361B0 /* Error */ = {
			isa = PBXGroup;
			children = (
				CAFC89A1264B012800D361B0 /* APIError.swift */,
			);
			path = Error;
			sourceTree = "<group>";
		};
		CAFC89AB264B1B4100D361B0 /* User */ = {
			isa = PBXGroup;
			children = (
				CAFC899E264AF7CE00D361B0 /* UserModel.swift */,
			);
			path = User;
			sourceTree = "<group>";
		};
/* End PBXGroup section */

/* Begin PBXNativeTarget section */
		CABCA8C6264AB04D007AE005 /* EmitirBoleto */ = {
			isa = PBXNativeTarget;
			buildConfigurationList = CABCA8F4264AB04F007AE005 /* Build configuration list for PBXNativeTarget "EmitirBoleto" */;
			buildPhases = (
				48DA9FFFBCD318703C3517DD /* [CP] Check Pods Manifest.lock */,
				CABCA8C3264AB04D007AE005 /* Sources */,
				CABCA8C4264AB04D007AE005 /* Frameworks */,
				CABCA8C5264AB04D007AE005 /* Resources */,
				06FCA638BA5D870D6A24079F /* [CP] Embed Pods Frameworks */,
			);
			buildRules = (
			);
			dependencies = (
			);
			name = EmitirBoleto;
			productName = EmitirBoleto;
			productReference = CABCA8C7264AB04D007AE005 /* EmitirBoleto.app */;
			productType = "com.apple.product-type.application";
		};
		CABCA8DF264AB04F007AE005 /* EmitirBoletoTests */ = {
			isa = PBXNativeTarget;
			buildConfigurationList = CABCA8F7264AB04F007AE005 /* Build configuration list for PBXNativeTarget "EmitirBoletoTests" */;
			buildPhases = (
				51720CEC3D0B4F4B5CFBCC12 /* [CP] Check Pods Manifest.lock */,
				CABCA8DC264AB04F007AE005 /* Sources */,
				CABCA8DD264AB04F007AE005 /* Frameworks */,
				CABCA8DE264AB04F007AE005 /* Resources */,
			);
			buildRules = (
			);
			dependencies = (
				CABCA8E2264AB04F007AE005 /* PBXTargetDependency */,
			);
			name = EmitirBoletoTests;
			productName = EmitirBoletoTests;
			productReference = CABCA8E0264AB04F007AE005 /* EmitirBoletoTests.xctest */;
			productType = "com.apple.product-type.bundle.unit-test";
		};
		CABCA8EA264AB04F007AE005 /* EmitirBoletoUITests */ = {
			isa = PBXNativeTarget;
			buildConfigurationList = CABCA8FA264AB04F007AE005 /* Build configuration list for PBXNativeTarget "EmitirBoletoUITests" */;
			buildPhases = (
				F5A5781008975C84D413AF7C /* [CP] Check Pods Manifest.lock */,
				CABCA8E7264AB04F007AE005 /* Sources */,
				CABCA8E8264AB04F007AE005 /* Frameworks */,
				CABCA8E9264AB04F007AE005 /* Resources */,
				9BD591F216B6CD359ACF0825 /* [CP] Embed Pods Frameworks */,
			);
			buildRules = (
			);
			dependencies = (
				CABCA8ED264AB04F007AE005 /* PBXTargetDependency */,
			);
			name = EmitirBoletoUITests;
			productName = EmitirBoletoUITests;
			productReference = CABCA8EB264AB04F007AE005 /* EmitirBoletoUITests.xctest */;
			productType = "com.apple.product-type.bundle.ui-testing";
		};
/* End PBXNativeTarget section */

/* Begin PBXProject section */
		CABCA8BF264AB04D007AE005 /* Project object */ = {
			isa = PBXProject;
			attributes = {
				LastSwiftUpdateCheck = 1250;
				LastUpgradeCheck = 1250;
				TargetAttributes = {
					CABCA8C6264AB04D007AE005 = {
						CreatedOnToolsVersion = 12.5;
					};
					CABCA8DF264AB04F007AE005 = {
						CreatedOnToolsVersion = 12.5;
						TestTargetID = CABCA8C6264AB04D007AE005;
					};
					CABCA8EA264AB04F007AE005 = {
						CreatedOnToolsVersion = 12.5;
						TestTargetID = CABCA8C6264AB04D007AE005;
					};
				};
			};
			buildConfigurationList = CABCA8C2264AB04D007AE005 /* Build configuration list for PBXProject "EmitirBoleto" */;
			compatibilityVersion = "Xcode 9.3";
			developmentRegion = en;
			hasScannedForEncodings = 0;
			knownRegions = (
				en,
				Base,
			);
			mainGroup = CABCA8BE264AB04D007AE005;
			productRefGroup = CABCA8C8264AB04D007AE005 /* Products */;
			projectDirPath = "";
			projectRoot = "";
			targets = (
				CABCA8C6264AB04D007AE005 /* EmitirBoleto */,
				CABCA8DF264AB04F007AE005 /* EmitirBoletoTests */,
				CABCA8EA264AB04F007AE005 /* EmitirBoletoUITests */,
			);
		};
/* End PBXProject section */

/* Begin PBXResourcesBuildPhase section */
		CABCA8C5264AB04D007AE005 /* Resources */ = {
			isa = PBXResourcesBuildPhase;
			buildActionMask = 2147483647;
			files = (
				CA29B51E26585190004BCBFD /* ItemTableViewCell.xib in Resources */,
				CADE8441265BDBF60020BEC3 /* ItemActionsTableViewCell.xib in Resources */,
				CAC0F1322656EAB700D98492 /* SearchCustomerViewController.xib in Resources */,
				CA29B52226585477004BCBFD /* SearchItemViewController.xib in Resources */,
				CABB5FCA265566940079FFDF /* InsertCustomerViewController.xib in Resources */,
				CA87DFA326549CFF0074A161 /* EmitirBoleto.xcdatamodeld in Resources */,
				CABCA8DA264AB04E007AE005 /* LaunchScreen.storyboard in Resources */,
				CA0247FA265D7C7D00AE6F61 /* FailureViewController.xib in Resources */,
				CA0247FE265D824400AE6F61 /* SuccessViewController.xib in Resources */,
				CA0247ED265D776900AE6F61 /* LoadingViewController.xib in Resources */,
				CA6DE09A265BE21600FC5D19 /* ItemDetailsTableViewCell.xib in Resources */,
				CA1859C6265D1A91001F821C /* AddItemPopupViewController.xib in Resources */,
				CA04B5E5265E910800C759CA /* TesteViewController.xib in Resources */,
				CA6DE0A3265C2DB300FC5D19 /* EmptyItemTableViewCell.xib in Resources */,
				CA0247E7265D225500AE6F61 /* BankingBilletViewController.xib in Resources */,
				CA6DE09E265C078E00FC5D19 /* AddItemViewController.xib in Resources */,
				CA29B514265815F9004BCBFD /* CustomersTableViewCell.xib in Resources */,
				CABCA8D7264AB04E007AE005 /* Assets.xcassets in Resources */,
				CA1859C2265D1804001F821C /* UpdateItemPopupViewController.xib in Resources */,
			);
			runOnlyForDeploymentPostprocessing = 0;
		};
		CABCA8DE264AB04F007AE005 /* Resources */ = {
			isa = PBXResourcesBuildPhase;
			buildActionMask = 2147483647;
			files = (
			);
			runOnlyForDeploymentPostprocessing = 0;
		};
		CABCA8E9264AB04F007AE005 /* Resources */ = {
			isa = PBXResourcesBuildPhase;
			buildActionMask = 2147483647;
			files = (
			);
			runOnlyForDeploymentPostprocessing = 0;
		};
/* End PBXResourcesBuildPhase section */

/* Begin PBXShellScriptBuildPhase section */
		06FCA638BA5D870D6A24079F /* [CP] Embed Pods Frameworks */ = {
			isa = PBXShellScriptBuildPhase;
			buildActionMask = 2147483647;
			files = (
			);
			inputFileListPaths = (
				"${PODS_ROOT}/Target Support Files/Pods-EmitirBoleto/Pods-EmitirBoleto-frameworks-${CONFIGURATION}-input-files.xcfilelist",
			);
			name = "[CP] Embed Pods Frameworks";
			outputFileListPaths = (
				"${PODS_ROOT}/Target Support Files/Pods-EmitirBoleto/Pods-EmitirBoleto-frameworks-${CONFIGURATION}-output-files.xcfilelist",
			);
			runOnlyForDeploymentPostprocessing = 0;
			shellPath = /bin/sh;
			shellScript = "\"${PODS_ROOT}/Target Support Files/Pods-EmitirBoleto/Pods-EmitirBoleto-frameworks.sh\"\n";
			showEnvVarsInLog = 0;
		};
		48DA9FFFBCD318703C3517DD /* [CP] Check Pods Manifest.lock */ = {
			isa = PBXShellScriptBuildPhase;
			buildActionMask = 2147483647;
			files = (
			);
			inputFileListPaths = (
			);
			inputPaths = (
				"${PODS_PODFILE_DIR_PATH}/Podfile.lock",
				"${PODS_ROOT}/Manifest.lock",
			);
			name = "[CP] Check Pods Manifest.lock";
			outputFileListPaths = (
			);
			outputPaths = (
				"$(DERIVED_FILE_DIR)/Pods-EmitirBoleto-checkManifestLockResult.txt",
			);
			runOnlyForDeploymentPostprocessing = 0;
			shellPath = /bin/sh;
			shellScript = "diff \"${PODS_PODFILE_DIR_PATH}/Podfile.lock\" \"${PODS_ROOT}/Manifest.lock\" > /dev/null\nif [ $? != 0 ] ; then\n    # print error to STDERR\n    echo \"error: The sandbox is not in sync with the Podfile.lock. Run 'pod install' or update your CocoaPods installation.\" >&2\n    exit 1\nfi\n# This output is used by Xcode 'outputs' to avoid re-running this script phase.\necho \"SUCCESS\" > \"${SCRIPT_OUTPUT_FILE_0}\"\n";
			showEnvVarsInLog = 0;
		};
		51720CEC3D0B4F4B5CFBCC12 /* [CP] Check Pods Manifest.lock */ = {
			isa = PBXShellScriptBuildPhase;
			buildActionMask = 2147483647;
			files = (
			);
			inputFileListPaths = (
			);
			inputPaths = (
				"${PODS_PODFILE_DIR_PATH}/Podfile.lock",
				"${PODS_ROOT}/Manifest.lock",
			);
			name = "[CP] Check Pods Manifest.lock";
			outputFileListPaths = (
			);
			outputPaths = (
				"$(DERIVED_FILE_DIR)/Pods-EmitirBoletoTests-checkManifestLockResult.txt",
			);
			runOnlyForDeploymentPostprocessing = 0;
			shellPath = /bin/sh;
			shellScript = "diff \"${PODS_PODFILE_DIR_PATH}/Podfile.lock\" \"${PODS_ROOT}/Manifest.lock\" > /dev/null\nif [ $? != 0 ] ; then\n    # print error to STDERR\n    echo \"error: The sandbox is not in sync with the Podfile.lock. Run 'pod install' or update your CocoaPods installation.\" >&2\n    exit 1\nfi\n# This output is used by Xcode 'outputs' to avoid re-running this script phase.\necho \"SUCCESS\" > \"${SCRIPT_OUTPUT_FILE_0}\"\n";
			showEnvVarsInLog = 0;
		};
		9BD591F216B6CD359ACF0825 /* [CP] Embed Pods Frameworks */ = {
			isa = PBXShellScriptBuildPhase;
			buildActionMask = 2147483647;
			files = (
			);
			inputFileListPaths = (
				"${PODS_ROOT}/Target Support Files/Pods-EmitirBoleto-EmitirBoletoUITests/Pods-EmitirBoleto-EmitirBoletoUITests-frameworks-${CONFIGURATION}-input-files.xcfilelist",
			);
			name = "[CP] Embed Pods Frameworks";
			outputFileListPaths = (
				"${PODS_ROOT}/Target Support Files/Pods-EmitirBoleto-EmitirBoletoUITests/Pods-EmitirBoleto-EmitirBoletoUITests-frameworks-${CONFIGURATION}-output-files.xcfilelist",
			);
			runOnlyForDeploymentPostprocessing = 0;
			shellPath = /bin/sh;
			shellScript = "\"${PODS_ROOT}/Target Support Files/Pods-EmitirBoleto-EmitirBoletoUITests/Pods-EmitirBoleto-EmitirBoletoUITests-frameworks.sh\"\n";
			showEnvVarsInLog = 0;
		};
		F5A5781008975C84D413AF7C /* [CP] Check Pods Manifest.lock */ = {
			isa = PBXShellScriptBuildPhase;
			buildActionMask = 2147483647;
			files = (
			);
			inputFileListPaths = (
			);
			inputPaths = (
				"${PODS_PODFILE_DIR_PATH}/Podfile.lock",
				"${PODS_ROOT}/Manifest.lock",
			);
			name = "[CP] Check Pods Manifest.lock";
			outputFileListPaths = (
			);
			outputPaths = (
				"$(DERIVED_FILE_DIR)/Pods-EmitirBoleto-EmitirBoletoUITests-checkManifestLockResult.txt",
			);
			runOnlyForDeploymentPostprocessing = 0;
			shellPath = /bin/sh;
			shellScript = "diff \"${PODS_PODFILE_DIR_PATH}/Podfile.lock\" \"${PODS_ROOT}/Manifest.lock\" > /dev/null\nif [ $? != 0 ] ; then\n    # print error to STDERR\n    echo \"error: The sandbox is not in sync with the Podfile.lock. Run 'pod install' or update your CocoaPods installation.\" >&2\n    exit 1\nfi\n# This output is used by Xcode 'outputs' to avoid re-running this script phase.\necho \"SUCCESS\" > \"${SCRIPT_OUTPUT_FILE_0}\"\n";
			showEnvVarsInLog = 0;
		};
/* End PBXShellScriptBuildPhase section */

/* Begin PBXSourcesBuildPhase section */
		CABCA8C3264AB04D007AE005 /* Sources */ = {
			isa = PBXSourcesBuildPhase;
			buildActionMask = 2147483647;
			files = (
				CAD3AEC2264BF33300DD0DCB /* Serializable.swift in Sources */,
				CA1859C1265D1804001F821C /* UpdateItemPopupViewController.swift in Sources */,
				CADE8440265BDBF60020BEC3 /* ItemActionsTableViewCell.swift in Sources */,
				CABCA90B264AB3E5007AE005 /* AddressModel.swift in Sources */,
				CABCA91A264AC307007AE005 /* ItemModel.swift in Sources */,
				CA29B52126585477004BCBFD /* SearchItemViewController.swift in Sources */,
				CAFC89A2264B012800D361B0 /* APIError.swift in Sources */,
				CA29B51D26585190004BCBFD /* ItemTableViewCell.swift in Sources */,
				CAC0F12926568FAD00D98492 /* UIColor+Extensions.swift in Sources */,
				CA87DF9B2654755D0074A161 /* EntityMapper.swift in Sources */,
				CABCA922264AC82C007AE005 /* ChargeOneStepResponseModel.swift in Sources */,
				CA04B5E1265E7E0800C759CA /* BindingTextField.swift in Sources */,
				CA87DF9326545BE30074A161 /* JuridicalPerson+CoreDataProperties.swift in Sources */,
				CABCA92B264AD46E007AE005 /* PaymentGateway.swift in Sources */,
				CABCA924264ACFAD007AE005 /* CustomerRepository.swift in Sources */,
				CA2555352652926900F75E20 /* APIConstants.swift in Sources */,
				CAD3AEBD264BEAC400DD0DCB /* ChargeOneStepModel.swift in Sources */,
				CAF751FE264F158400EABEFC /* HTTPAlamofireClient.swift in Sources */,
				CA04B5DF265E7B6F00C759CA /* InsertCustomerViewModel.swift in Sources */,
				CABCA91E264AC43A007AE005 /* BankingBilletModel.swift in Sources */,
				CAFC89A4264B077900D361B0 /* ChargeOneStep.swift in Sources */,
				CAF751F2264F118E00EABEFC /* GerencianetEndpoints.swift in Sources */,
				CA449BB0264D67100071AEF0 /* String+Extensions.swift in Sources */,
				CA87DF4926543BEC0074A161 /* CoreDataManager.swift in Sources */,
				CA87DF9226545BE30074A161 /* JuridicalPerson+CoreDataClass.swift in Sources */,
				CABB5FC9265566940079FFDF /* InsertCustomerViewController.swift in Sources */,
				CAF75202264F270C00EABEFC /* APIConfigurations.swift in Sources */,
				CAF751F0264F117700EABEFC /* Gerencianet.swift in Sources */,
				CA87DF9926545F270074A161 /* CoreDataCustomerRepository.swift in Sources */,
				CA87DF9526545BE30074A161 /* Address+CoreDataProperties.swift in Sources */,
				CA0247E6265D225500AE6F61 /* BankingBilletViewController.swift in Sources */,
				CABB5FC5265564FD0079FFDF /* Coordinator.swift in Sources */,
				CABCA926264AD220007AE005 /* ItemRepository.swift in Sources */,
				CAF751F4264F119A00EABEFC /* HeadersFactory.swift in Sources */,
				CA2555402652FA5C00F75E20 /* TestViewModel.swift in Sources */,
				CAD3AECD264BFFDF00DD0DCB /* Data+Extensions.swift in Sources */,
				CA87DFA2265497C90074A161 /* CoreDataItemRepository.swift in Sources */,
				CAF751F8264F129000EABEFC /* Gerencianet+Authorize.swift in Sources */,
				CA87DF9426545BE30074A161 /* Address+CoreDataClass.swift in Sources */,
				CAF751FA264F13B700EABEFC /* AlamofireClient.swift in Sources */,
				CA25553C2652F3A000F75E20 /* RepeatingTimer.swift in Sources */,
				CA87DF9026545BE30074A161 /* Customer+CoreDataClass.swift in Sources */,
				CAFC899F264AF7CE00D361B0 /* UserModel.swift in Sources */,
				CABCA8CF264AB04D007AE005 /* TestViewController.swift in Sources */,
				CABCA8CB264AB04D007AE005 /* AppDelegate.swift in Sources */,
				CA25553E2652F7A100F75E20 /* Constants.swift in Sources */,
				CAD3AEDF264C24F600DD0DCB /* JuridicalPersonModel.swift in Sources */,
				CAF751F6264F11A700EABEFC /* BodyFactory.swift in Sources */,
				CA6DE0A2265C2DB300FC5D19 /* EmptyItemTableViewCell.swift in Sources */,
				CA29B513265815F9004BCBFD /* CustomersTableViewCell.swift in Sources */,
				CA87DF9126545BE30074A161 /* Customer+CoreDataProperties.swift in Sources */,
				CABCA920264AC67F007AE005 /* ShippingModel.swift in Sources */,
				CAC0F1312656EAB700D98492 /* SearchCustomerViewController.swift in Sources */,
				CA29B5242658583C004BCBFD /* Helper.swift in Sources */,
				CAF75200264F233700EABEFC /* Gerencianet+ChargeOneStep.swift in Sources */,
				CA6DE099265BE21600FC5D19 /* ItemDetailsTableViewCell.swift in Sources */,
				CA04B5E4265E910800C759CA /* TesteViewController.swift in Sources */,
				CA87DF9F265480E70074A161 /* Item+CoreDataProperties.swift in Sources */,
				CA2555452653300B00F75E20 /* ScheduleAuthentication.swift in Sources */,
				CA87DF9E265480E70074A161 /* Item+CoreDataClass.swift in Sources */,
				CABCA918264AC2E3007AE005 /* CustomerModel.swift in Sources */,
				CA0247EC265D776900AE6F61 /* LoadingViewController.swift in Sources */,
				CA87DF452653E02C0074A161 /* Authenticate.swift in Sources */,
				CABCA932264ADBE2007AE005 /* AuthorizeResponseModel.swift in Sources */,
				CA1859C5265D1A91001F821C /* AddItemPopupViewController.swift in Sources */,
				CA6DE09D265C078E00FC5D19 /* AddItemViewController.swift in Sources */,
				CABB5FCC265566FD0079FFDF /* MainCoordinator.swift in Sources */,
				CAC0F12B2656951B00D98492 /* UIImage+Extensions.swift in Sources */,
				CA0247F9265D7C7D00AE6F61 /* FailureViewController.swift in Sources */,
				CABCA8CD264AB04D007AE005 /* SceneDelegate.swift in Sources */,
				CA0247FD265D824400AE6F61 /* SuccessViewController.swift in Sources */,
				CA255543265327FB00F75E20 /* AuthenticateAndChargeOneStep.swift in Sources */,
			);
			runOnlyForDeploymentPostprocessing = 0;
		};
		CABCA8DC264AB04F007AE005 /* Sources */ = {
			isa = PBXSourcesBuildPhase;
			buildActionMask = 2147483647;
			files = (
				CABCA8E5264AB04F007AE005 /* EmitirBoletoTests.swift in Sources */,
			);
			runOnlyForDeploymentPostprocessing = 0;
		};
		CABCA8E7264AB04F007AE005 /* Sources */ = {
			isa = PBXSourcesBuildPhase;
			buildActionMask = 2147483647;
			files = (
				CABCA8F0264AB04F007AE005 /* EmitirBoletoUITests.swift in Sources */,
			);
			runOnlyForDeploymentPostprocessing = 0;
		};
/* End PBXSourcesBuildPhase section */

/* Begin PBXTargetDependency section */
		CABCA8E2264AB04F007AE005 /* PBXTargetDependency */ = {
			isa = PBXTargetDependency;
			target = CABCA8C6264AB04D007AE005 /* EmitirBoleto */;
			targetProxy = CABCA8E1264AB04F007AE005 /* PBXContainerItemProxy */;
		};
		CABCA8ED264AB04F007AE005 /* PBXTargetDependency */ = {
			isa = PBXTargetDependency;
			target = CABCA8C6264AB04D007AE005 /* EmitirBoleto */;
			targetProxy = CABCA8EC264AB04F007AE005 /* PBXContainerItemProxy */;
		};
/* End PBXTargetDependency section */

/* Begin PBXVariantGroup section */
		CABCA8D8264AB04E007AE005 /* LaunchScreen.storyboard */ = {
			isa = PBXVariantGroup;
			children = (
				CABCA8D9264AB04E007AE005 /* Base */,
			);
			name = LaunchScreen.storyboard;
			sourceTree = "<group>";
		};
/* End PBXVariantGroup section */

/* Begin XCBuildConfiguration section */
		CABCA8F2264AB04F007AE005 /* Debug */ = {
			isa = XCBuildConfiguration;
			buildSettings = {
				ALWAYS_SEARCH_USER_PATHS = NO;
				CLANG_ANALYZER_NONNULL = YES;
				CLANG_ANALYZER_NUMBER_OBJECT_CONVERSION = YES_AGGRESSIVE;
				CLANG_CXX_LANGUAGE_STANDARD = "gnu++14";
				CLANG_CXX_LIBRARY = "libc++";
				CLANG_ENABLE_MODULES = YES;
				CLANG_ENABLE_OBJC_ARC = YES;
				CLANG_ENABLE_OBJC_WEAK = YES;
				CLANG_WARN_BLOCK_CAPTURE_AUTORELEASING = YES;
				CLANG_WARN_BOOL_CONVERSION = YES;
				CLANG_WARN_COMMA = YES;
				CLANG_WARN_CONSTANT_CONVERSION = YES;
				CLANG_WARN_DEPRECATED_OBJC_IMPLEMENTATIONS = YES;
				CLANG_WARN_DIRECT_OBJC_ISA_USAGE = YES_ERROR;
				CLANG_WARN_DOCUMENTATION_COMMENTS = YES;
				CLANG_WARN_EMPTY_BODY = YES;
				CLANG_WARN_ENUM_CONVERSION = YES;
				CLANG_WARN_INFINITE_RECURSION = YES;
				CLANG_WARN_INT_CONVERSION = YES;
				CLANG_WARN_NON_LITERAL_NULL_CONVERSION = YES;
				CLANG_WARN_OBJC_IMPLICIT_RETAIN_SELF = YES;
				CLANG_WARN_OBJC_LITERAL_CONVERSION = YES;
				CLANG_WARN_OBJC_ROOT_CLASS = YES_ERROR;
				CLANG_WARN_QUOTED_INCLUDE_IN_FRAMEWORK_HEADER = YES;
				CLANG_WARN_RANGE_LOOP_ANALYSIS = YES;
				CLANG_WARN_STRICT_PROTOTYPES = YES;
				CLANG_WARN_SUSPICIOUS_MOVE = YES;
				CLANG_WARN_UNGUARDED_AVAILABILITY = YES_AGGRESSIVE;
				CLANG_WARN_UNREACHABLE_CODE = YES;
				CLANG_WARN__DUPLICATE_METHOD_MATCH = YES;
				COPY_PHASE_STRIP = NO;
				DEBUG_INFORMATION_FORMAT = dwarf;
				ENABLE_STRICT_OBJC_MSGSEND = YES;
				ENABLE_TESTABILITY = YES;
				GCC_C_LANGUAGE_STANDARD = gnu11;
				GCC_DYNAMIC_NO_PIC = NO;
				GCC_NO_COMMON_BLOCKS = YES;
				GCC_OPTIMIZATION_LEVEL = 0;
				GCC_PREPROCESSOR_DEFINITIONS = (
					"DEBUG=1",
					"$(inherited)",
				);
				GCC_WARN_64_TO_32_BIT_CONVERSION = YES;
				GCC_WARN_ABOUT_RETURN_TYPE = YES_ERROR;
				GCC_WARN_UNDECLARED_SELECTOR = YES;
				GCC_WARN_UNINITIALIZED_AUTOS = YES_AGGRESSIVE;
				GCC_WARN_UNUSED_FUNCTION = YES;
				GCC_WARN_UNUSED_VARIABLE = YES;
				IPHONEOS_DEPLOYMENT_TARGET = 14.5;
				MTL_ENABLE_DEBUG_INFO = INCLUDE_SOURCE;
				MTL_FAST_MATH = YES;
				ONLY_ACTIVE_ARCH = YES;
				SDKROOT = iphoneos;
				SWIFT_ACTIVE_COMPILATION_CONDITIONS = DEBUG;
				SWIFT_OPTIMIZATION_LEVEL = "-Onone";
			};
			name = Debug;
		};
		CABCA8F3264AB04F007AE005 /* Release */ = {
			isa = XCBuildConfiguration;
			buildSettings = {
				ALWAYS_SEARCH_USER_PATHS = NO;
				CLANG_ANALYZER_NONNULL = YES;
				CLANG_ANALYZER_NUMBER_OBJECT_CONVERSION = YES_AGGRESSIVE;
				CLANG_CXX_LANGUAGE_STANDARD = "gnu++14";
				CLANG_CXX_LIBRARY = "libc++";
				CLANG_ENABLE_MODULES = YES;
				CLANG_ENABLE_OBJC_ARC = YES;
				CLANG_ENABLE_OBJC_WEAK = YES;
				CLANG_WARN_BLOCK_CAPTURE_AUTORELEASING = YES;
				CLANG_WARN_BOOL_CONVERSION = YES;
				CLANG_WARN_COMMA = YES;
				CLANG_WARN_CONSTANT_CONVERSION = YES;
				CLANG_WARN_DEPRECATED_OBJC_IMPLEMENTATIONS = YES;
				CLANG_WARN_DIRECT_OBJC_ISA_USAGE = YES_ERROR;
				CLANG_WARN_DOCUMENTATION_COMMENTS = YES;
				CLANG_WARN_EMPTY_BODY = YES;
				CLANG_WARN_ENUM_CONVERSION = YES;
				CLANG_WARN_INFINITE_RECURSION = YES;
				CLANG_WARN_INT_CONVERSION = YES;
				CLANG_WARN_NON_LITERAL_NULL_CONVERSION = YES;
				CLANG_WARN_OBJC_IMPLICIT_RETAIN_SELF = YES;
				CLANG_WARN_OBJC_LITERAL_CONVERSION = YES;
				CLANG_WARN_OBJC_ROOT_CLASS = YES_ERROR;
				CLANG_WARN_QUOTED_INCLUDE_IN_FRAMEWORK_HEADER = YES;
				CLANG_WARN_RANGE_LOOP_ANALYSIS = YES;
				CLANG_WARN_STRICT_PROTOTYPES = YES;
				CLANG_WARN_SUSPICIOUS_MOVE = YES;
				CLANG_WARN_UNGUARDED_AVAILABILITY = YES_AGGRESSIVE;
				CLANG_WARN_UNREACHABLE_CODE = YES;
				CLANG_WARN__DUPLICATE_METHOD_MATCH = YES;
				COPY_PHASE_STRIP = NO;
				DEBUG_INFORMATION_FORMAT = "dwarf-with-dsym";
				ENABLE_NS_ASSERTIONS = NO;
				ENABLE_STRICT_OBJC_MSGSEND = YES;
				GCC_C_LANGUAGE_STANDARD = gnu11;
				GCC_NO_COMMON_BLOCKS = YES;
				GCC_WARN_64_TO_32_BIT_CONVERSION = YES;
				GCC_WARN_ABOUT_RETURN_TYPE = YES_ERROR;
				GCC_WARN_UNDECLARED_SELECTOR = YES;
				GCC_WARN_UNINITIALIZED_AUTOS = YES_AGGRESSIVE;
				GCC_WARN_UNUSED_FUNCTION = YES;
				GCC_WARN_UNUSED_VARIABLE = YES;
				IPHONEOS_DEPLOYMENT_TARGET = 14.5;
				MTL_ENABLE_DEBUG_INFO = NO;
				MTL_FAST_MATH = YES;
				SDKROOT = iphoneos;
				SWIFT_COMPILATION_MODE = wholemodule;
				SWIFT_OPTIMIZATION_LEVEL = "-O";
				VALIDATE_PRODUCT = YES;
			};
			name = Release;
		};
		CABCA8F5264AB04F007AE005 /* Debug */ = {
			isa = XCBuildConfiguration;
			baseConfigurationReference = F98C064082B60A0DD6208CF5 /* Pods-EmitirBoleto.debug.xcconfig */;
			buildSettings = {
				ASSETCATALOG_COMPILER_APPICON_NAME = AppIcon;
				ASSETCATALOG_COMPILER_GLOBAL_ACCENT_COLOR_NAME = AccentColor;
				CODE_SIGN_STYLE = Automatic;
				DEVELOPMENT_TEAM = ZF258QDQ5C;
				INFOPLIST_FILE = EmitirBoleto/Info.plist;
				IPHONEOS_DEPLOYMENT_TARGET = 14.5;
				LD_RUNPATH_SEARCH_PATHS = (
					"$(inherited)",
					"@executable_path/Frameworks",
				);
				PRODUCT_BUNDLE_IDENTIFIER = "Heitor-Novais.EmitirBoleto";
				PRODUCT_NAME = "$(TARGET_NAME)";
				SWIFT_VERSION = 5.0;
				TARGETED_DEVICE_FAMILY = 1;
			};
			name = Debug;
		};
		CABCA8F6264AB04F007AE005 /* Release */ = {
			isa = XCBuildConfiguration;
			baseConfigurationReference = BFB526D55251AA27FC467449 /* Pods-EmitirBoleto.release.xcconfig */;
			buildSettings = {
				ASSETCATALOG_COMPILER_APPICON_NAME = AppIcon;
				ASSETCATALOG_COMPILER_GLOBAL_ACCENT_COLOR_NAME = AccentColor;
				CODE_SIGN_STYLE = Automatic;
				DEVELOPMENT_TEAM = ZF258QDQ5C;
				INFOPLIST_FILE = EmitirBoleto/Info.plist;
				IPHONEOS_DEPLOYMENT_TARGET = 14.5;
				LD_RUNPATH_SEARCH_PATHS = (
					"$(inherited)",
					"@executable_path/Frameworks",
				);
				PRODUCT_BUNDLE_IDENTIFIER = "Heitor-Novais.EmitirBoleto";
				PRODUCT_NAME = "$(TARGET_NAME)";
				SWIFT_VERSION = 5.0;
				TARGETED_DEVICE_FAMILY = 1;
			};
			name = Release;
		};
		CABCA8F8264AB04F007AE005 /* Debug */ = {
			isa = XCBuildConfiguration;
			baseConfigurationReference = 2061D632FB9809EE514AB1FC /* Pods-EmitirBoletoTests.debug.xcconfig */;
			buildSettings = {
				ALWAYS_EMBED_SWIFT_STANDARD_LIBRARIES = YES;
				BUNDLE_LOADER = "$(TEST_HOST)";
				CODE_SIGN_STYLE = Automatic;
				DEVELOPMENT_TEAM = ZF258QDQ5C;
				INFOPLIST_FILE = EmitirBoletoTests/Info.plist;
				IPHONEOS_DEPLOYMENT_TARGET = 14.5;
				LD_RUNPATH_SEARCH_PATHS = (
					"$(inherited)",
					"@executable_path/Frameworks",
					"@loader_path/Frameworks",
				);
				PRODUCT_BUNDLE_IDENTIFIER = "Heitor-Novais.EmitirBoletoTests";
				PRODUCT_NAME = "$(TARGET_NAME)";
				SWIFT_VERSION = 5.0;
				TARGETED_DEVICE_FAMILY = "1,2";
				TEST_HOST = "$(BUILT_PRODUCTS_DIR)/EmitirBoleto.app/EmitirBoleto";
			};
			name = Debug;
		};
		CABCA8F9264AB04F007AE005 /* Release */ = {
			isa = XCBuildConfiguration;
			baseConfigurationReference = 512F2C64F8D67D2114ABD864 /* Pods-EmitirBoletoTests.release.xcconfig */;
			buildSettings = {
				ALWAYS_EMBED_SWIFT_STANDARD_LIBRARIES = YES;
				BUNDLE_LOADER = "$(TEST_HOST)";
				CODE_SIGN_STYLE = Automatic;
				DEVELOPMENT_TEAM = ZF258QDQ5C;
				INFOPLIST_FILE = EmitirBoletoTests/Info.plist;
				IPHONEOS_DEPLOYMENT_TARGET = 14.5;
				LD_RUNPATH_SEARCH_PATHS = (
					"$(inherited)",
					"@executable_path/Frameworks",
					"@loader_path/Frameworks",
				);
				PRODUCT_BUNDLE_IDENTIFIER = "Heitor-Novais.EmitirBoletoTests";
				PRODUCT_NAME = "$(TARGET_NAME)";
				SWIFT_VERSION = 5.0;
				TARGETED_DEVICE_FAMILY = "1,2";
				TEST_HOST = "$(BUILT_PRODUCTS_DIR)/EmitirBoleto.app/EmitirBoleto";
			};
			name = Release;
		};
		CABCA8FB264AB04F007AE005 /* Debug */ = {
			isa = XCBuildConfiguration;
			baseConfigurationReference = 83AD70706259383F52D7FC47 /* Pods-EmitirBoleto-EmitirBoletoUITests.debug.xcconfig */;
			buildSettings = {
				ALWAYS_EMBED_SWIFT_STANDARD_LIBRARIES = YES;
				CODE_SIGN_STYLE = Automatic;
				DEVELOPMENT_TEAM = ZF258QDQ5C;
				INFOPLIST_FILE = EmitirBoletoUITests/Info.plist;
				LD_RUNPATH_SEARCH_PATHS = (
					"$(inherited)",
					"@executable_path/Frameworks",
					"@loader_path/Frameworks",
				);
				PRODUCT_BUNDLE_IDENTIFIER = "Heitor-Novais.EmitirBoletoUITests";
				PRODUCT_NAME = "$(TARGET_NAME)";
				SWIFT_VERSION = 5.0;
				TARGETED_DEVICE_FAMILY = "1,2";
				TEST_TARGET_NAME = EmitirBoleto;
			};
			name = Debug;
		};
		CABCA8FC264AB04F007AE005 /* Release */ = {
			isa = XCBuildConfiguration;
			baseConfigurationReference = 37853E2FFCD52B2C4533F39B /* Pods-EmitirBoleto-EmitirBoletoUITests.release.xcconfig */;
			buildSettings = {
				ALWAYS_EMBED_SWIFT_STANDARD_LIBRARIES = YES;
				CODE_SIGN_STYLE = Automatic;
				DEVELOPMENT_TEAM = ZF258QDQ5C;
				INFOPLIST_FILE = EmitirBoletoUITests/Info.plist;
				LD_RUNPATH_SEARCH_PATHS = (
					"$(inherited)",
					"@executable_path/Frameworks",
					"@loader_path/Frameworks",
				);
				PRODUCT_BUNDLE_IDENTIFIER = "Heitor-Novais.EmitirBoletoUITests";
				PRODUCT_NAME = "$(TARGET_NAME)";
				SWIFT_VERSION = 5.0;
				TARGETED_DEVICE_FAMILY = "1,2";
				TEST_TARGET_NAME = EmitirBoleto;
			};
			name = Release;
		};
/* End XCBuildConfiguration section */

/* Begin XCConfigurationList section */
		CABCA8C2264AB04D007AE005 /* Build configuration list for PBXProject "EmitirBoleto" */ = {
			isa = XCConfigurationList;
			buildConfigurations = (
				CABCA8F2264AB04F007AE005 /* Debug */,
				CABCA8F3264AB04F007AE005 /* Release */,
			);
			defaultConfigurationIsVisible = 0;
			defaultConfigurationName = Release;
		};
		CABCA8F4264AB04F007AE005 /* Build configuration list for PBXNativeTarget "EmitirBoleto" */ = {
			isa = XCConfigurationList;
			buildConfigurations = (
				CABCA8F5264AB04F007AE005 /* Debug */,
				CABCA8F6264AB04F007AE005 /* Release */,
			);
			defaultConfigurationIsVisible = 0;
			defaultConfigurationName = Release;
		};
		CABCA8F7264AB04F007AE005 /* Build configuration list for PBXNativeTarget "EmitirBoletoTests" */ = {
			isa = XCConfigurationList;
			buildConfigurations = (
				CABCA8F8264AB04F007AE005 /* Debug */,
				CABCA8F9264AB04F007AE005 /* Release */,
			);
			defaultConfigurationIsVisible = 0;
			defaultConfigurationName = Release;
		};
		CABCA8FA264AB04F007AE005 /* Build configuration list for PBXNativeTarget "EmitirBoletoUITests" */ = {
			isa = XCConfigurationList;
			buildConfigurations = (
				CABCA8FB264AB04F007AE005 /* Debug */,
				CABCA8FC264AB04F007AE005 /* Release */,
			);
			defaultConfigurationIsVisible = 0;
			defaultConfigurationName = Release;
		};
/* End XCConfigurationList section */

/* Begin XCVersionGroup section */
		CABCA8D3264AB04D007AE005 /* EmitirBoleto.xcdatamodeld */ = {
			isa = XCVersionGroup;
			children = (
				CABCA8D4264AB04D007AE005 /* EmitirBoleto.xcdatamodel */,
			);
			currentVersion = CABCA8D4264AB04D007AE005 /* EmitirBoleto.xcdatamodel */;
			path = EmitirBoleto.xcdatamodeld;
			sourceTree = "<group>";
			versionGroupType = wrapper.xcdatamodel;
		};
/* End XCVersionGroup section */
	};
	rootObject = CABCA8BF264AB04D007AE005 /* Project object */;
}
